PODS:
  - AppAuth (0.91.0)
  - SwiftKeychainWrapper (3.0.1)

DEPENDENCIES:
  - AppAuth
  - SwiftKeychainWrapper

SPEC CHECKSUMS:
  AppAuth: 3e0dc9c00ef333dc62064e4830aa89b597ae8d2f
  SwiftKeychainWrapper: 38952a3636320ae61bad3513cadd870929de7a4a

PODFILE CHECKSUM: 1beb340039d1733ef05675b24cbe11d0f0e620a4

COCOAPODS: 1.2.1
