PODS:
  - AGSAuth (0.1.0):
    - AGSCore (= 0.1.0)
    - AppAuth (~> 0.92)
    - SwiftKeychainWrapper (~> 3.0.1)
  - AGSCore (0.1.0):
    - Alamofire (~> 4.0)
    - XCGLogger (~> 6.0)
  - Alamofire (4.7.2)
  - AppAuth (0.92.0)
  - DTTJailbreakDetection (0.4.0)
  - Floaty (4.0.0)
  - MarqueeLabel/Swift (3.1.4)
  - NotificationBannerSwift (1.6.2):
    - MarqueeLabel/Swift
    - SnapKit (~> 4.0)
  - ObjcExceptionBridging (1.0.1):
    - ObjcExceptionBridging/ObjcExceptionBridging (= 1.0.1)
  - ObjcExceptionBridging/ObjcExceptionBridging (1.0.1)
  - Realm (3.3.2):
    - Realm/Headers (= 3.3.2)
  - Realm/Headers (3.3.2)
  - RealmSwift (3.3.2):
    - Realm (= 3.3.2)
  - SCLAlertView (0.8)
  - SnapKit (4.0.0)
  - SwiftKeychainWrapper (3.0.1)
  - TrustKit (1.5.3)
  - XCGLogger (6.0.2):
    - XCGLogger/Core (= 6.0.2)
  - XCGLogger/Core (6.0.2):
    - ObjcExceptionBridging

DEPENDENCIES:
  - AGSAuth (~> 0.1.0)
  - Alamofire (~> 4.5)
  - DTTJailbreakDetection
  - Floaty (~> 4.0.0)
  - NotificationBannerSwift
  - RealmSwift
  - SCLAlertView (from `https://github.com/vikmeup/SCLAlertView-Swift.git`, branch `master`)
  - SwiftKeychainWrapper
  - TrustKit

EXTERNAL SOURCES:
  SCLAlertView:
    :branch: master
    :git: https://github.com/vikmeup/SCLAlertView-Swift.git

CHECKOUT OPTIONS:
  SCLAlertView:
    :commit: 3b04846a962d2ab70ed2da3dbc9638600146b38a
    :git: https://github.com/vikmeup/SCLAlertView-Swift.git

SPEC CHECKSUMS:
  AGSAuth: b1f63847b1f32dcd4110b49b6c22b627c8007ca3
  AGSCore: fbd00be1b71ddfcd7470efd5a5266183fbbd1357
  Alamofire: e4fa87002c137ba2d8d634d2c51fabcda0d5c223
  AppAuth: 3f4f1d6d85ad631d0bbf15ffcdc10c447face97a
  DTTJailbreakDetection: 5e356c5badc17995f65a83ed9483f787a0057b71
  Floaty: 4f88811bbf08521807f42355db6a9c0db85d5d78
  MarqueeLabel: bf768455fe88d427f71476ebb23f9092b660f40b
  NotificationBannerSwift: 4eceb2add9d5eaa0596c63d49690b4d6476e74ec
  ObjcExceptionBridging: c30e00eb3700467e695faeea30e26e18bd445001
  Realm: d927fbf66df5532cfafc08afb5f7e53ded37b894
  RealmSwift: 4e903a494e05d866581d69ad6f7e7b879d446baf
  SCLAlertView: 6a77bb2edfc65e04dbe57725546cb4107a506b85
  SnapKit: a42d492c16e80209130a3379f73596c3454b7694
  SwiftKeychainWrapper: 38952a3636320ae61bad3513cadd870929de7a4a
  TrustKit: b2bd5cb6a69cb17a95af87af327ecaa93c8da4bd
  XCGLogger: c9601cae9a8912de34a58666ba931ed3d624dd31

PODFILE CHECKSUM: 24acdc3a020d768c1efbbb38967fdb207c51081e

COCOAPODS: 1.4.0
