// !$*UTF8*$!
{
	archiveVersion = 1;
	classes = {
	};
	objectVersion = 48;
	objects = {

/* Begin PBXBuildFile section */
		60D50C8A54566A305214D89E /* Pods_secure_ios_app.framework in Frameworks */ = {isa = PBXBuildFile; fileRef = F6CB8BA2824140238CE2CF40 /* Pods_secure_ios_app.framework */; };
		9FD0E3027E3260E404C80D84 /* Pods_secure_ios_appTests.framework in Frameworks */ = {isa = PBXBuildFile; fileRef = BE92F9E3F9D3C5BEBF24DA86 /* Pods_secure_ios_appTests.framework */; };
		AB3E11F91FC2F42900B7302C /* AppAuth in Frameworks */ = {isa = PBXBuildFile; fileRef = AB3E11F81FC2F42900B7302C /* AppAuth */; };
		AB3E11FB1FC3214300B7302C /* Note.swift in Sources */ = {isa = PBXBuildFile; fileRef = AB3E11FA1FC3214300B7302C /* Note.swift */; };
		AB3E11FE1FC3238D00B7302C /* StorageRouter.swift in Sources */ = {isa = PBXBuildFile; fileRef = AB3E11FD1FC3238D00B7302C /* StorageRouter.swift */; };
		AB3E12021FC324D000B7302C /* StorageViewController.swift in Sources */ = {isa = PBXBuildFile; fileRef = AB3E12011FC324D000B7302C /* StorageViewController.swift */; };
		AB3E12041FC3307400B7302C /* StorageInteractor.swift in Sources */ = {isa = PBXBuildFile; fileRef = AB3E12031FC3307400B7302C /* StorageInteractor.swift */; };
		AB3E12061FC331CB00B7302C /* StorageService.swift in Sources */ = {isa = PBXBuildFile; fileRef = AB3E12051FC331CB00B7302C /* StorageService.swift */; };
		AB3E12081FC3376500B7302C /* StorageBuilder.swift in Sources */ = {isa = PBXBuildFile; fileRef = AB3E12071FC3376500B7302C /* StorageBuilder.swift */; };
		AB73E11B1FFBCF30007BBDF5 /* CertPinningService.swift in Sources */ = {isa = PBXBuildFile; fileRef = AB73E11A1FFBCF30007BBDF5 /* CertPinningService.swift */; };
		ABEDBC7C1FD040490027066A /* DeviceTrustService.swift in Sources */ = {isa = PBXBuildFile; fileRef = ABEDBC7B1FD040490027066A /* DeviceTrustService.swift */; };
		ABEDBC8F1FD04A7C0027066A /* Detector.swift in Sources */ = {isa = PBXBuildFile; fileRef = ABEDBC8E1FD04A7C0027066A /* Detector.swift */; };
		ABEDBC911FD04AF90027066A /* DeviceTrustViewController.swift in Sources */ = {isa = PBXBuildFile; fileRef = ABEDBC901FD04AF90027066A /* DeviceTrustViewController.swift */; };
		ABEDBC931FD04B820027066A /* DeviceTrustRouter.swift in Sources */ = {isa = PBXBuildFile; fileRef = ABEDBC921FD04B820027066A /* DeviceTrustRouter.swift */; };
		ABEDBC951FD04BF10027066A /* DeviceTrustBuilder.swift in Sources */ = {isa = PBXBuildFile; fileRef = ABEDBC941FD04BF10027066A /* DeviceTrustBuilder.swift */; };
		ABEDBC971FD04C830027066A /* DeviceTrustInteractor.swift in Sources */ = {isa = PBXBuildFile; fileRef = ABEDBC961FD04C830027066A /* DeviceTrustInteractor.swift */; };
		B302EA771FACD7EE00EAD340 /* HomeViewController.swift in Sources */ = {isa = PBXBuildFile; fileRef = B302EA761FACD7EE00EAD340 /* HomeViewController.swift */; };
		B30747981FE280AC00A7E159 /* AccessControlViewController.swift in Sources */ = {isa = PBXBuildFile; fileRef = B30747971FE280AC00A7E159 /* AccessControlViewController.swift */; };
		B307479A1FE2828E00A7E159 /* AccessControlBuilder.swift in Sources */ = {isa = PBXBuildFile; fileRef = B30747991FE2828E00A7E159 /* AccessControlBuilder.swift */; };
		B30BEBA11FB20F3F0008A171 /* AppConfiguration.swift in Sources */ = {isa = PBXBuildFile; fileRef = B30BEBA01FB20F3F0008A171 /* AppConfiguration.swift */; };
		B30BEBA61FB229C40008A171 /* AppConfig.plist in Resources */ = {isa = PBXBuildFile; fileRef = B30BEBA51FB229C40008A171 /* AppConfig.plist */; };
		B30BEBB21FB324800008A171 /* RootBuilder.swift in Sources */ = {isa = PBXBuildFile; fileRef = B30BEBB11FB324800008A171 /* RootBuilder.swift */; };
		B30BEBB41FB32AD40008A171 /* RootRouter.swift in Sources */ = {isa = PBXBuildFile; fileRef = B30BEBB31FB32AD40008A171 /* RootRouter.swift */; };
		B30BEBB61FB3556B0008A171 /* RootInteractor.swift in Sources */ = {isa = PBXBuildFile; fileRef = B30BEBB51FB3556B0008A171 /* RootInteractor.swift */; };
		B30BEBB81FB364550008A171 /* HomeRouter.swift in Sources */ = {isa = PBXBuildFile; fileRef = B30BEBB71FB364550008A171 /* HomeRouter.swift */; };
		B30BEBBA1FB365AB0008A171 /* HomeBuilder.swift in Sources */ = {isa = PBXBuildFile; fileRef = B30BEBB91FB365AB0008A171 /* HomeBuilder.swift */; };
		B30BEBBC1FB367C80008A171 /* AuthenticationRouter.swift in Sources */ = {isa = PBXBuildFile; fileRef = B30BEBBB1FB367C80008A171 /* AuthenticationRouter.swift */; };
		B30BEBBE1FB368690008A171 /* AuthenticationBuilder.swift in Sources */ = {isa = PBXBuildFile; fileRef = B30BEBBD1FB368690008A171 /* AuthenticationBuilder.swift */; };
		B30BEBC01FB368D50008A171 /* AuthenticationInteractor.swift in Sources */ = {isa = PBXBuildFile; fileRef = B30BEBBF1FB368D50008A171 /* AuthenticationInteractor.swift */; };
		B30BEBE31FB4A7290008A171 /* AppComponents.swift in Sources */ = {isa = PBXBuildFile; fileRef = B30BEBE21FB4A7290008A171 /* AppComponents.swift */; };
		B30BEBE81FB4A89E0008A171 /* AuthenticationService.swift in Sources */ = {isa = PBXBuildFile; fileRef = B30BEBE71FB4A89E0008A171 /* AuthenticationService.swift */; };
		B30BEBEB1FB5B40D0008A171 /* Logger.swift in Sources */ = {isa = PBXBuildFile; fileRef = B30BEBEA1FB5B40D0008A171 /* Logger.swift */; };
		B30BEBEE1FB5B7770008A171 /* Identity.swift in Sources */ = {isa = PBXBuildFile; fileRef = B30BEBED1FB5B7770008A171 /* Identity.swift */; };
		B322807D1FFE333700A0B201 /* AppConfigurationTest.swift in Sources */ = {isa = PBXBuildFile; fileRef = B322807C1FFE333700A0B201 /* AppConfigurationTest.swift */; };
		B32CBD2E1FD0B61F008CFEF1 /* ViewHelper.swift in Sources */ = {isa = PBXBuildFile; fileRef = B32CBD2D1FD0B61F008CFEF1 /* ViewHelper.swift */; };
		B342DF351FB0C90700BBA05B /* RootViewController.swift in Sources */ = {isa = PBXBuildFile; fileRef = B342DF341FB0C90700BBA05B /* RootViewController.swift */; };
		B342DF381FB0CA9900BBA05B /* AuthenticationViewController.swift in Sources */ = {isa = PBXBuildFile; fileRef = B342DF371FB0CA9900BBA05B /* AuthenticationViewController.swift */; };
		B36F5F471FFB9A3200CAB771 /* AccessControlRouter.swift in Sources */ = {isa = PBXBuildFile; fileRef = B36F5F461FFB9A3200CAB771 /* AccessControlRouter.swift */; };
		B36F5F4C1FFCFE1000CAB771 /* IdentityTest.swift in Sources */ = {isa = PBXBuildFile; fileRef = B36F5F4B1FFCFE1000CAB771 /* IdentityTest.swift */; };
		B36F5F4F1FFD02A000CAB771 /* DeviceTrustServiceTest.swift in Sources */ = {isa = PBXBuildFile; fileRef = B36F5F4E1FFD02A000CAB771 /* DeviceTrustServiceTest.swift */; };
		B36F5F511FFD03BB00CAB771 /* StorageServiceTest.swift in Sources */ = {isa = PBXBuildFile; fileRef = B36F5F501FFD03BB00CAB771 /* StorageServiceTest.swift */; };
		B37C63891FC323F300D52CD4 /* AuthenticationDetailsViewController.swift in Sources */ = {isa = PBXBuildFile; fileRef = B37C63881FC323F300D52CD4 /* AuthenticationDetailsViewController.swift */; };
		B39FDB091FB2012C00C1EC0F /* BaseViewController.swift in Sources */ = {isa = PBXBuildFile; fileRef = B39FDB081FB2012C00C1EC0F /* BaseViewController.swift */; };
		B39FDB0B1FB2012F00C1EC0F /* MenuViewController.swift in Sources */ = {isa = PBXBuildFile; fileRef = B39FDB0A1FB2012F00C1EC0F /* MenuViewController.swift */; };
		B3A410AA1FFE5AD800A32FF0 /* AccessControlViewControllerTest.swift in Sources */ = {isa = PBXBuildFile; fileRef = B3A410A91FFE5AD800A32FF0 /* AccessControlViewControllerTest.swift */; };
		B3A410AD1FFE74D700A32FF0 /* RootViewControllerTest.swift in Sources */ = {isa = PBXBuildFile; fileRef = B3A410AC1FFE74D700A32FF0 /* RootViewControllerTest.swift */; };
		B3A410B01FFE86DC00A32FF0 /* StorageViewControllerTest.swift in Sources */ = {isa = PBXBuildFile; fileRef = B3A410AF1FFE86DC00A32FF0 /* StorageViewControllerTest.swift */; };
		B3A410B31FFE9F2400A32FF0 /* AuthenticationViewControllerTest.swift in Sources */ = {isa = PBXBuildFile; fileRef = B3A410B21FFE9F2400A32FF0 /* AuthenticationViewControllerTest.swift */; };
		B3A410B51FFEA0A600A32FF0 /* AuthenticationDetailsViewControllerTest.swift in Sources */ = {isa = PBXBuildFile; fileRef = B3A410B41FFEA0A600A32FF0 /* AuthenticationDetailsViewControllerTest.swift */; };
		B3A410B81FFEDCF100A32FF0 /* DeviceTrustViewControllerTest.swift in Sources */ = {isa = PBXBuildFile; fileRef = B3A410B71FFEDCF100A32FF0 /* DeviceTrustViewControllerTest.swift */; };
		B3E21B431FAC956E00082CF7 /* AppDelegate.swift in Sources */ = {isa = PBXBuildFile; fileRef = B3E21B421FAC956E00082CF7 /* AppDelegate.swift */; };
		B3E21B481FAC956E00082CF7 /* Main.storyboard in Resources */ = {isa = PBXBuildFile; fileRef = B3E21B461FAC956E00082CF7 /* Main.storyboard */; };
		B3E21B4B1FAC956E00082CF7 /* secure_ios_app.xcdatamodeld in Sources */ = {isa = PBXBuildFile; fileRef = B3E21B491FAC956E00082CF7 /* secure_ios_app.xcdatamodeld */; };
		B3E21B4D1FAC956E00082CF7 /* Assets.xcassets in Resources */ = {isa = PBXBuildFile; fileRef = B3E21B4C1FAC956E00082CF7 /* Assets.xcassets */; };
		B3E21B501FAC956E00082CF7 /* LaunchScreen.storyboard in Resources */ = {isa = PBXBuildFile; fileRef = B3E21B4E1FAC956E00082CF7 /* LaunchScreen.storyboard */; };
		B3E21B5B1FAC956E00082CF7 /* secure_ios_appTests.swift in Sources */ = {isa = PBXBuildFile; fileRef = B3E21B5A1FAC956E00082CF7 /* secure_ios_appTests.swift */; };
		B3E21B661FAC956E00082CF7 /* secure_ios_appUITests.swift in Sources */ = {isa = PBXBuildFile; fileRef = B3E21B651FAC956E00082CF7 /* secure_ios_appUITests.swift */; };
		C57F1EFA7119AEF9AC1B5521 /* Pods_secure_ios_appUITests.framework in Frameworks */ = {isa = PBXBuildFile; fileRef = A564516AC590A89FD5711D21 /* Pods_secure_ios_appUITests.framework */; };
/* End PBXBuildFile section */

/* Begin PBXContainerItemProxy section */
		B3E21B571FAC956E00082CF7 /* PBXContainerItemProxy */ = {
			isa = PBXContainerItemProxy;
			containerPortal = B3E21B371FAC956E00082CF7 /* Project object */;
			proxyType = 1;
			remoteGlobalIDString = B3E21B3E1FAC956E00082CF7;
			remoteInfo = "secure-ios-app";
		};
		B3E21B621FAC956E00082CF7 /* PBXContainerItemProxy */ = {
			isa = PBXContainerItemProxy;
			containerPortal = B3E21B371FAC956E00082CF7 /* Project object */;
			proxyType = 1;
			remoteGlobalIDString = B3E21B3E1FAC956E00082CF7;
			remoteInfo = "secure-ios-app";
		};
/* End PBXContainerItemProxy section */

/* Begin PBXFileReference section */
		2392B0780F8D7BA4A4D335FE /* Pods-secure-ios-appUITests.release.xcconfig */ = {isa = PBXFileReference; includeInIndex = 1; lastKnownFileType = text.xcconfig; name = "Pods-secure-ios-appUITests.release.xcconfig"; path = "Pods/Target Support Files/Pods-secure-ios-appUITests/Pods-secure-ios-appUITests.release.xcconfig"; sourceTree = "<group>"; };
		36FF52DDEE3C668FB9D641CA /* Pods-secure-ios-appUITests.debug.xcconfig */ = {isa = PBXFileReference; includeInIndex = 1; lastKnownFileType = text.xcconfig; name = "Pods-secure-ios-appUITests.debug.xcconfig"; path = "Pods/Target Support Files/Pods-secure-ios-appUITests/Pods-secure-ios-appUITests.debug.xcconfig"; sourceTree = "<group>"; };
		57812F23C88594EB493A2670 /* Pods-secure-ios-appTests.debug.xcconfig */ = {isa = PBXFileReference; includeInIndex = 1; lastKnownFileType = text.xcconfig; name = "Pods-secure-ios-appTests.debug.xcconfig"; path = "Pods/Target Support Files/Pods-secure-ios-appTests/Pods-secure-ios-appTests.debug.xcconfig"; sourceTree = "<group>"; };
		7FD5F435EC6A784532CCCEF8 /* Pods-secure-ios-appTests.release.xcconfig */ = {isa = PBXFileReference; includeInIndex = 1; lastKnownFileType = text.xcconfig; name = "Pods-secure-ios-appTests.release.xcconfig"; path = "Pods/Target Support Files/Pods-secure-ios-appTests/Pods-secure-ios-appTests.release.xcconfig"; sourceTree = "<group>"; };
		A564516AC590A89FD5711D21 /* Pods_secure_ios_appUITests.framework */ = {isa = PBXFileReference; explicitFileType = wrapper.framework; includeInIndex = 0; path = Pods_secure_ios_appUITests.framework; sourceTree = BUILT_PRODUCTS_DIR; };
		AB3E11F81FC2F42900B7302C /* AppAuth */ = {isa = PBXFileReference; lastKnownFileType = folder; name = AppAuth; path = Pods/AppAuth; sourceTree = "<group>"; };
		AB3E11FA1FC3214300B7302C /* Note.swift */ = {isa = PBXFileReference; lastKnownFileType = sourcecode.swift; path = Note.swift; sourceTree = "<group>"; };
		AB3E11FD1FC3238D00B7302C /* StorageRouter.swift */ = {isa = PBXFileReference; lastKnownFileType = sourcecode.swift; path = StorageRouter.swift; sourceTree = "<group>"; };
		AB3E12011FC324D000B7302C /* StorageViewController.swift */ = {isa = PBXFileReference; lastKnownFileType = sourcecode.swift; path = StorageViewController.swift; sourceTree = "<group>"; };
		AB3E12031FC3307400B7302C /* StorageInteractor.swift */ = {isa = PBXFileReference; lastKnownFileType = sourcecode.swift; path = StorageInteractor.swift; sourceTree = "<group>"; };
		AB3E12051FC331CB00B7302C /* StorageService.swift */ = {isa = PBXFileReference; lastKnownFileType = sourcecode.swift; path = StorageService.swift; sourceTree = "<group>"; };
		AB3E12071FC3376500B7302C /* StorageBuilder.swift */ = {isa = PBXFileReference; lastKnownFileType = sourcecode.swift; path = StorageBuilder.swift; sourceTree = "<group>"; };
		AB73E11A1FFBCF30007BBDF5 /* CertPinningService.swift */ = {isa = PBXFileReference; lastKnownFileType = sourcecode.swift; path = CertPinningService.swift; sourceTree = "<group>"; };
		ABEDBC7B1FD040490027066A /* DeviceTrustService.swift */ = {isa = PBXFileReference; lastKnownFileType = sourcecode.swift; path = DeviceTrustService.swift; sourceTree = "<group>"; };
		ABEDBC8E1FD04A7C0027066A /* Detector.swift */ = {isa = PBXFileReference; lastKnownFileType = sourcecode.swift; path = Detector.swift; sourceTree = "<group>"; };
		ABEDBC901FD04AF90027066A /* DeviceTrustViewController.swift */ = {isa = PBXFileReference; lastKnownFileType = sourcecode.swift; path = DeviceTrustViewController.swift; sourceTree = "<group>"; };
		ABEDBC921FD04B820027066A /* DeviceTrustRouter.swift */ = {isa = PBXFileReference; lastKnownFileType = sourcecode.swift; path = DeviceTrustRouter.swift; sourceTree = "<group>"; };
		ABEDBC941FD04BF10027066A /* DeviceTrustBuilder.swift */ = {isa = PBXFileReference; lastKnownFileType = sourcecode.swift; path = DeviceTrustBuilder.swift; sourceTree = "<group>"; };
		ABEDBC961FD04C830027066A /* DeviceTrustInteractor.swift */ = {isa = PBXFileReference; lastKnownFileType = sourcecode.swift; path = DeviceTrustInteractor.swift; sourceTree = "<group>"; };
		AD54EEC2CFFB1CC5C561CFAC /* Pods-secure-ios-app.debug.xcconfig */ = {isa = PBXFileReference; includeInIndex = 1; lastKnownFileType = text.xcconfig; name = "Pods-secure-ios-app.debug.xcconfig"; path = "Pods/Target Support Files/Pods-secure-ios-app/Pods-secure-ios-app.debug.xcconfig"; sourceTree = "<group>"; };
		B302EA761FACD7EE00EAD340 /* HomeViewController.swift */ = {isa = PBXFileReference; lastKnownFileType = sourcecode.swift; path = HomeViewController.swift; sourceTree = "<group>"; };
		B30747971FE280AC00A7E159 /* AccessControlViewController.swift */ = {isa = PBXFileReference; lastKnownFileType = sourcecode.swift; path = AccessControlViewController.swift; sourceTree = "<group>"; };
		B30747991FE2828E00A7E159 /* AccessControlBuilder.swift */ = {isa = PBXFileReference; lastKnownFileType = sourcecode.swift; path = AccessControlBuilder.swift; sourceTree = "<group>"; };
		B30BEBA01FB20F3F0008A171 /* AppConfiguration.swift */ = {isa = PBXFileReference; lastKnownFileType = sourcecode.swift; path = AppConfiguration.swift; sourceTree = "<group>"; };
		B30BEBA51FB229C40008A171 /* AppConfig.plist */ = {isa = PBXFileReference; lastKnownFileType = text.plist.xml; path = AppConfig.plist; sourceTree = "<group>"; };
		B30BEBB11FB324800008A171 /* RootBuilder.swift */ = {isa = PBXFileReference; lastKnownFileType = sourcecode.swift; path = RootBuilder.swift; sourceTree = "<group>"; };
		B30BEBB31FB32AD40008A171 /* RootRouter.swift */ = {isa = PBXFileReference; lastKnownFileType = sourcecode.swift; path = RootRouter.swift; sourceTree = "<group>"; };
		B30BEBB51FB3556B0008A171 /* RootInteractor.swift */ = {isa = PBXFileReference; lastKnownFileType = sourcecode.swift; path = RootInteractor.swift; sourceTree = "<group>"; };
		B30BEBB71FB364550008A171 /* HomeRouter.swift */ = {isa = PBXFileReference; lastKnownFileType = sourcecode.swift; path = HomeRouter.swift; sourceTree = "<group>"; };
		B30BEBB91FB365AB0008A171 /* HomeBuilder.swift */ = {isa = PBXFileReference; lastKnownFileType = sourcecode.swift; path = HomeBuilder.swift; sourceTree = "<group>"; };
		B30BEBBB1FB367C80008A171 /* AuthenticationRouter.swift */ = {isa = PBXFileReference; lastKnownFileType = sourcecode.swift; path = AuthenticationRouter.swift; sourceTree = "<group>"; };
		B30BEBBD1FB368690008A171 /* AuthenticationBuilder.swift */ = {isa = PBXFileReference; lastKnownFileType = sourcecode.swift; path = AuthenticationBuilder.swift; sourceTree = "<group>"; };
		B30BEBBF1FB368D50008A171 /* AuthenticationInteractor.swift */ = {isa = PBXFileReference; lastKnownFileType = sourcecode.swift; path = AuthenticationInteractor.swift; sourceTree = "<group>"; };
		B30BEBE21FB4A7290008A171 /* AppComponents.swift */ = {isa = PBXFileReference; lastKnownFileType = sourcecode.swift; path = AppComponents.swift; sourceTree = "<group>"; };
		B30BEBE71FB4A89E0008A171 /* AuthenticationService.swift */ = {isa = PBXFileReference; lastKnownFileType = sourcecode.swift; path = AuthenticationService.swift; sourceTree = "<group>"; };
		B30BEBE91FB4ABFF0008A171 /* secure-ios-app-Bridging-Header.h */ = {isa = PBXFileReference; lastKnownFileType = sourcecode.c.h; path = "secure-ios-app-Bridging-Header.h"; sourceTree = "<group>"; };
		B30BEBEA1FB5B40D0008A171 /* Logger.swift */ = {isa = PBXFileReference; lastKnownFileType = sourcecode.swift; path = Logger.swift; sourceTree = "<group>"; };
		B30BEBED1FB5B7770008A171 /* Identity.swift */ = {isa = PBXFileReference; lastKnownFileType = sourcecode.swift; path = Identity.swift; sourceTree = "<group>"; };
		B322807C1FFE333700A0B201 /* AppConfigurationTest.swift */ = {isa = PBXFileReference; lastKnownFileType = sourcecode.swift; path = AppConfigurationTest.swift; sourceTree = "<group>"; };
		B32CBD2D1FD0B61F008CFEF1 /* ViewHelper.swift */ = {isa = PBXFileReference; lastKnownFileType = sourcecode.swift; path = ViewHelper.swift; sourceTree = "<group>"; };
		B342DF341FB0C90700BBA05B /* RootViewController.swift */ = {isa = PBXFileReference; lastKnownFileType = sourcecode.swift; path = RootViewController.swift; sourceTree = "<group>"; };
		B342DF371FB0CA9900BBA05B /* AuthenticationViewController.swift */ = {isa = PBXFileReference; lastKnownFileType = sourcecode.swift; path = AuthenticationViewController.swift; sourceTree = "<group>"; };
		B36F5F461FFB9A3200CAB771 /* AccessControlRouter.swift */ = {isa = PBXFileReference; lastKnownFileType = sourcecode.swift; path = AccessControlRouter.swift; sourceTree = "<group>"; };
		B36F5F4B1FFCFE1000CAB771 /* IdentityTest.swift */ = {isa = PBXFileReference; lastKnownFileType = sourcecode.swift; path = IdentityTest.swift; sourceTree = "<group>"; };
		B36F5F4E1FFD02A000CAB771 /* DeviceTrustServiceTest.swift */ = {isa = PBXFileReference; lastKnownFileType = sourcecode.swift; path = DeviceTrustServiceTest.swift; sourceTree = "<group>"; };
		B36F5F501FFD03BB00CAB771 /* StorageServiceTest.swift */ = {isa = PBXFileReference; lastKnownFileType = sourcecode.swift; path = StorageServiceTest.swift; sourceTree = "<group>"; };
		B37C63881FC323F300D52CD4 /* AuthenticationDetailsViewController.swift */ = {isa = PBXFileReference; lastKnownFileType = sourcecode.swift; path = AuthenticationDetailsViewController.swift; sourceTree = "<group>"; };
		B39FDB081FB2012C00C1EC0F /* BaseViewController.swift */ = {isa = PBXFileReference; lastKnownFileType = sourcecode.swift; path = BaseViewController.swift; sourceTree = "<group>"; };
		B39FDB0A1FB2012F00C1EC0F /* MenuViewController.swift */ = {isa = PBXFileReference; lastKnownFileType = sourcecode.swift; path = MenuViewController.swift; sourceTree = "<group>"; };
		B3A410A91FFE5AD800A32FF0 /* AccessControlViewControllerTest.swift */ = {isa = PBXFileReference; lastKnownFileType = sourcecode.swift; path = AccessControlViewControllerTest.swift; sourceTree = "<group>"; };
		B3A410AC1FFE74D700A32FF0 /* RootViewControllerTest.swift */ = {isa = PBXFileReference; lastKnownFileType = sourcecode.swift; path = RootViewControllerTest.swift; sourceTree = "<group>"; };
		B3A410AF1FFE86DC00A32FF0 /* StorageViewControllerTest.swift */ = {isa = PBXFileReference; lastKnownFileType = sourcecode.swift; path = StorageViewControllerTest.swift; sourceTree = "<group>"; };
		B3A410B21FFE9F2400A32FF0 /* AuthenticationViewControllerTest.swift */ = {isa = PBXFileReference; lastKnownFileType = sourcecode.swift; path = AuthenticationViewControllerTest.swift; sourceTree = "<group>"; };
		B3A410B41FFEA0A600A32FF0 /* AuthenticationDetailsViewControllerTest.swift */ = {isa = PBXFileReference; lastKnownFileType = sourcecode.swift; path = AuthenticationDetailsViewControllerTest.swift; sourceTree = "<group>"; };
		B3A410B71FFEDCF100A32FF0 /* DeviceTrustViewControllerTest.swift */ = {isa = PBXFileReference; lastKnownFileType = sourcecode.swift; path = DeviceTrustViewControllerTest.swift; sourceTree = "<group>"; };
		B3E21B3F1FAC956E00082CF7 /* secure-ios-app.app */ = {isa = PBXFileReference; explicitFileType = wrapper.application; includeInIndex = 0; path = "secure-ios-app.app"; sourceTree = BUILT_PRODUCTS_DIR; };
		B3E21B421FAC956E00082CF7 /* AppDelegate.swift */ = {isa = PBXFileReference; lastKnownFileType = sourcecode.swift; path = AppDelegate.swift; sourceTree = "<group>"; };
		B3E21B471FAC956E00082CF7 /* Base */ = {isa = PBXFileReference; lastKnownFileType = file.storyboard; name = Base; path = Base.lproj/Main.storyboard; sourceTree = "<group>"; };
		B3E21B4A1FAC956E00082CF7 /* secure_ios_app.xcdatamodel */ = {isa = PBXFileReference; lastKnownFileType = wrapper.xcdatamodel; path = secure_ios_app.xcdatamodel; sourceTree = "<group>"; };
		B3E21B4C1FAC956E00082CF7 /* Assets.xcassets */ = {isa = PBXFileReference; lastKnownFileType = folder.assetcatalog; path = Assets.xcassets; sourceTree = "<group>"; };
		B3E21B4F1FAC956E00082CF7 /* Base */ = {isa = PBXFileReference; lastKnownFileType = file.storyboard; name = Base; path = Base.lproj/LaunchScreen.storyboard; sourceTree = "<group>"; };
		B3E21B511FAC956E00082CF7 /* Info.plist */ = {isa = PBXFileReference; lastKnownFileType = text.plist.xml; path = Info.plist; sourceTree = "<group>"; };
		B3E21B561FAC956E00082CF7 /* secure-ios-appTests.xctest */ = {isa = PBXFileReference; explicitFileType = wrapper.cfbundle; includeInIndex = 0; path = "secure-ios-appTests.xctest"; sourceTree = BUILT_PRODUCTS_DIR; };
		B3E21B5A1FAC956E00082CF7 /* secure_ios_appTests.swift */ = {isa = PBXFileReference; lastKnownFileType = sourcecode.swift; path = secure_ios_appTests.swift; sourceTree = "<group>"; };
		B3E21B5C1FAC956E00082CF7 /* Info.plist */ = {isa = PBXFileReference; lastKnownFileType = text.plist.xml; path = Info.plist; sourceTree = "<group>"; };
		B3E21B611FAC956E00082CF7 /* secure-ios-appUITests.xctest */ = {isa = PBXFileReference; explicitFileType = wrapper.cfbundle; includeInIndex = 0; path = "secure-ios-appUITests.xctest"; sourceTree = BUILT_PRODUCTS_DIR; };
		B3E21B651FAC956E00082CF7 /* secure_ios_appUITests.swift */ = {isa = PBXFileReference; lastKnownFileType = sourcecode.swift; path = secure_ios_appUITests.swift; sourceTree = "<group>"; };
		B3E21B671FAC956E00082CF7 /* Info.plist */ = {isa = PBXFileReference; lastKnownFileType = text.plist.xml; path = Info.plist; sourceTree = "<group>"; };
		BE92F9E3F9D3C5BEBF24DA86 /* Pods_secure_ios_appTests.framework */ = {isa = PBXFileReference; explicitFileType = wrapper.framework; includeInIndex = 0; path = Pods_secure_ios_appTests.framework; sourceTree = BUILT_PRODUCTS_DIR; };
		CBB29BB07BFAFFA62B9AE8B2 /* Pods-secure-ios-app.release.xcconfig */ = {isa = PBXFileReference; includeInIndex = 1; lastKnownFileType = text.xcconfig; name = "Pods-secure-ios-app.release.xcconfig"; path = "Pods/Target Support Files/Pods-secure-ios-app/Pods-secure-ios-app.release.xcconfig"; sourceTree = "<group>"; };
		F6CB8BA2824140238CE2CF40 /* Pods_secure_ios_app.framework */ = {isa = PBXFileReference; explicitFileType = wrapper.framework; includeInIndex = 0; path = Pods_secure_ios_app.framework; sourceTree = BUILT_PRODUCTS_DIR; };
/* End PBXFileReference section */

/* Begin PBXFrameworksBuildPhase section */
		B3E21B3C1FAC956E00082CF7 /* Frameworks */ = {
			isa = PBXFrameworksBuildPhase;
			buildActionMask = 2147483647;
			files = (
				AB3E11F91FC2F42900B7302C /* AppAuth in Frameworks */,
				60D50C8A54566A305214D89E /* Pods_secure_ios_app.framework in Frameworks */,
			);
			runOnlyForDeploymentPostprocessing = 0;
		};
		B3E21B531FAC956E00082CF7 /* Frameworks */ = {
			isa = PBXFrameworksBuildPhase;
			buildActionMask = 2147483647;
			files = (
				9FD0E3027E3260E404C80D84 /* Pods_secure_ios_appTests.framework in Frameworks */,
			);
			runOnlyForDeploymentPostprocessing = 0;
		};
		B3E21B5E1FAC956E00082CF7 /* Frameworks */ = {
			isa = PBXFrameworksBuildPhase;
			buildActionMask = 2147483647;
			files = (
				C57F1EFA7119AEF9AC1B5521 /* Pods_secure_ios_appUITests.framework in Frameworks */,
			);
			runOnlyForDeploymentPostprocessing = 0;
		};
/* End PBXFrameworksBuildPhase section */

/* Begin PBXGroup section */
		5C13C1B8C244C094E76A2FCE /* Frameworks */ = {
			isa = PBXGroup;
			children = (
				AB3E11F81FC2F42900B7302C /* AppAuth */,
				F6CB8BA2824140238CE2CF40 /* Pods_secure_ios_app.framework */,
				BE92F9E3F9D3C5BEBF24DA86 /* Pods_secure_ios_appTests.framework */,
				A564516AC590A89FD5711D21 /* Pods_secure_ios_appUITests.framework */,
			);
			name = Frameworks;
			sourceTree = "<group>";
		};
		AB3E11FC1FC3236100B7302C /* storage */ = {
			isa = PBXGroup;
			children = (
				AB3E11FD1FC3238D00B7302C /* StorageRouter.swift */,
				AB3E12011FC324D000B7302C /* StorageViewController.swift */,
				AB3E12031FC3307400B7302C /* StorageInteractor.swift */,
				AB3E12071FC3376500B7302C /* StorageBuilder.swift */,
			);
			path = storage;
			sourceTree = "<group>";
		};
		ABEDBC831FD049840027066A /* deviceTrust */ = {
			isa = PBXGroup;
			children = (
				ABEDBC901FD04AF90027066A /* DeviceTrustViewController.swift */,
				ABEDBC921FD04B820027066A /* DeviceTrustRouter.swift */,
				ABEDBC941FD04BF10027066A /* DeviceTrustBuilder.swift */,
				ABEDBC961FD04C830027066A /* DeviceTrustInteractor.swift */,
			);
			path = deviceTrust;
			sourceTree = "<group>";
		};
		B30747961FE2808400A7E159 /* accesscontrol */ = {
			isa = PBXGroup;
			children = (
				B30747971FE280AC00A7E159 /* AccessControlViewController.swift */,
				B30747991FE2828E00A7E159 /* AccessControlBuilder.swift */,
				B36F5F461FFB9A3200CAB771 /* AccessControlRouter.swift */,
			);
			path = accesscontrol;
			sourceTree = "<group>";
		};
		B30BEB9E1FB208F20008A171 /* menu */ = {
			isa = PBXGroup;
			children = (
				B39FDB0A1FB2012F00C1EC0F /* MenuViewController.swift */,
				B39FDB081FB2012C00C1EC0F /* BaseViewController.swift */,
			);
			path = menu;
			sourceTree = "<group>";
		};
		B30BEB9F1FB2093A0008A171 /* configurations */ = {
			isa = PBXGroup;
			children = (
				B30BEBA01FB20F3F0008A171 /* AppConfiguration.swift */,
			);
			path = configurations;
			sourceTree = "<group>";
		};
		B30BEBAF1FB323BB0008A171 /* root */ = {
			isa = PBXGroup;
			children = (
				B342DF341FB0C90700BBA05B /* RootViewController.swift */,
				B30BEBB11FB324800008A171 /* RootBuilder.swift */,
				B30BEBB31FB32AD40008A171 /* RootRouter.swift */,
				B30BEBB51FB3556B0008A171 /* RootInteractor.swift */,
			);
			path = root;
			sourceTree = "<group>";
		};
		B30BEBB01FB3240E0008A171 /* home */ = {
			isa = PBXGroup;
			children = (
				B302EA761FACD7EE00EAD340 /* HomeViewController.swift */,
				B30BEBB71FB364550008A171 /* HomeRouter.swift */,
				B30BEBB91FB365AB0008A171 /* HomeBuilder.swift */,
			);
			path = home;
			sourceTree = "<group>";
		};
		B30BEBE11FB4A7100008A171 /* di */ = {
			isa = PBXGroup;
			children = (
				B30BEBE21FB4A7290008A171 /* AppComponents.swift */,
			);
			path = di;
			sourceTree = "<group>";
		};
		B30BEBE41FB4A72E0008A171 /* services */ = {
			isa = PBXGroup;
			children = (
				B30BEBE71FB4A89E0008A171 /* AuthenticationService.swift */,
				B30BEBEA1FB5B40D0008A171 /* Logger.swift */,
				B32CBD2D1FD0B61F008CFEF1 /* ViewHelper.swift */,
				AB3E12051FC331CB00B7302C /* StorageService.swift */,
				ABEDBC7B1FD040490027066A /* DeviceTrustService.swift */,
				AB73E11A1FFBCF30007BBDF5 /* CertPinningService.swift */,
			);
			path = services;
			sourceTree = "<group>";
		};
		B30BEBEC1FB5B7290008A171 /* model */ = {
			isa = PBXGroup;
			children = (
				B30BEBED1FB5B7770008A171 /* Identity.swift */,
				AB3E11FA1FC3214300B7302C /* Note.swift */,
				ABEDBC8E1FD04A7C0027066A /* Detector.swift */,
			);
			path = model;
			sourceTree = "<group>";
		};
		B322807B1FFE331E00A0B201 /* configurations */ = {
			isa = PBXGroup;
			children = (
				B322807C1FFE333700A0B201 /* AppConfigurationTest.swift */,
			);
			path = configurations;
			sourceTree = "<group>";
		};
		B36F5F4A1FFCFDE500CAB771 /* model */ = {
			isa = PBXGroup;
			children = (
				B36F5F4B1FFCFE1000CAB771 /* IdentityTest.swift */,
			);
			path = model;
			sourceTree = "<group>";
		};
		B36F5F4D1FFD027F00CAB771 /* services */ = {
			isa = PBXGroup;
			children = (
				B36F5F4E1FFD02A000CAB771 /* DeviceTrustServiceTest.swift */,
				B36F5F501FFD03BB00CAB771 /* StorageServiceTest.swift */,
			);
			path = services;
			sourceTree = "<group>";
		};
		B39FDB021FB1FE9300C1EC0F /* authentication */ = {
			isa = PBXGroup;
			children = (
				B342DF371FB0CA9900BBA05B /* AuthenticationViewController.swift */,
				B30BEBBB1FB367C80008A171 /* AuthenticationRouter.swift */,
				B30BEBBD1FB368690008A171 /* AuthenticationBuilder.swift */,
				B30BEBBF1FB368D50008A171 /* AuthenticationInteractor.swift */,
				B37C63881FC323F300D52CD4 /* AuthenticationDetailsViewController.swift */,
			);
			path = authentication;
			sourceTree = "<group>";
		};
		B3A410A81FFE5ABF00A32FF0 /* accesscontrol */ = {
			isa = PBXGroup;
			children = (
				B3A410A91FFE5AD800A32FF0 /* AccessControlViewControllerTest.swift */,
			);
			path = accesscontrol;
			sourceTree = "<group>";
		};
		B3A410AB1FFE74C500A32FF0 /* root */ = {
			isa = PBXGroup;
			children = (
				B3A410AC1FFE74D700A32FF0 /* RootViewControllerTest.swift */,
			);
			path = root;
			sourceTree = "<group>";
		};
		B3A410AE1FFE86C500A32FF0 /* storage */ = {
			isa = PBXGroup;
			children = (
				B3A410AF1FFE86DC00A32FF0 /* StorageViewControllerTest.swift */,
			);
			path = storage;
			sourceTree = "<group>";
		};
		B3A410B11FFE9F1000A32FF0 /* authentication */ = {
			isa = PBXGroup;
			children = (
				B3A410B21FFE9F2400A32FF0 /* AuthenticationViewControllerTest.swift */,
				B3A410B41FFEA0A600A32FF0 /* AuthenticationDetailsViewControllerTest.swift */,
			);
			path = authentication;
			sourceTree = "<group>";
		};
		B3A410B61FFEDCD300A32FF0 /* deviceTrust */ = {
			isa = PBXGroup;
			children = (
				B3A410B71FFEDCF100A32FF0 /* DeviceTrustViewControllerTest.swift */,
			);
			path = deviceTrust;
			sourceTree = "<group>";
		};
		B3E21B361FAC956E00082CF7 = {
			isa = PBXGroup;
			children = (
				B3E21B411FAC956E00082CF7 /* secure-ios-app */,
				B3E21B591FAC956E00082CF7 /* secure-ios-appTests */,
				B3E21B641FAC956E00082CF7 /* secure-ios-appUITests */,
				B3E21B401FAC956E00082CF7 /* Products */,
				CBA54E12DCD79F72333AD07B /* Pods */,
				5C13C1B8C244C094E76A2FCE /* Frameworks */,
			);
			sourceTree = "<group>";
		};
		B3E21B401FAC956E00082CF7 /* Products */ = {
			isa = PBXGroup;
			children = (
				B3E21B3F1FAC956E00082CF7 /* secure-ios-app.app */,
				B3E21B561FAC956E00082CF7 /* secure-ios-appTests.xctest */,
				B3E21B611FAC956E00082CF7 /* secure-ios-appUITests.xctest */,
			);
			name = Products;
			sourceTree = "<group>";
		};
		B3E21B411FAC956E00082CF7 /* secure-ios-app */ = {
			isa = PBXGroup;
			children = (
				B30747961FE2808400A7E159 /* accesscontrol */,
				B30BEBEC1FB5B7290008A171 /* model */,
				B30BEBE41FB4A72E0008A171 /* services */,
				B30BEBE11FB4A7100008A171 /* di */,
				B30BEBB01FB3240E0008A171 /* home */,
				B30BEBAF1FB323BB0008A171 /* root */,
				B30BEB9F1FB2093A0008A171 /* configurations */,
				B30BEB9E1FB208F20008A171 /* menu */,
				AB3E11FC1FC3236100B7302C /* storage */,
				ABEDBC831FD049840027066A /* deviceTrust */,
				B39FDB021FB1FE9300C1EC0F /* authentication */,
				B3E21B421FAC956E00082CF7 /* AppDelegate.swift */,
				B3E21B461FAC956E00082CF7 /* Main.storyboard */,
				B3E21B4C1FAC956E00082CF7 /* Assets.xcassets */,
				B3E21B4E1FAC956E00082CF7 /* LaunchScreen.storyboard */,
				B3E21B511FAC956E00082CF7 /* Info.plist */,
				B3E21B491FAC956E00082CF7 /* secure_ios_app.xcdatamodeld */,
				B30BEBA51FB229C40008A171 /* AppConfig.plist */,
				B30BEBE91FB4ABFF0008A171 /* secure-ios-app-Bridging-Header.h */,
			);
			path = "secure-ios-app";
			sourceTree = "<group>";
		};
		B3E21B591FAC956E00082CF7 /* secure-ios-appTests */ = {
			isa = PBXGroup;
			children = (
				B3A410B61FFEDCD300A32FF0 /* deviceTrust */,
				B3A410B11FFE9F1000A32FF0 /* authentication */,
				B3A410AE1FFE86C500A32FF0 /* storage */,
				B3A410AB1FFE74C500A32FF0 /* root */,
				B3A410A81FFE5ABF00A32FF0 /* accesscontrol */,
				B322807B1FFE331E00A0B201 /* configurations */,
				B36F5F4D1FFD027F00CAB771 /* services */,
				B36F5F4A1FFCFDE500CAB771 /* model */,
				B3E21B5A1FAC956E00082CF7 /* secure_ios_appTests.swift */,
				B3E21B5C1FAC956E00082CF7 /* Info.plist */,
			);
			path = "secure-ios-appTests";
			sourceTree = "<group>";
		};
		B3E21B641FAC956E00082CF7 /* secure-ios-appUITests */ = {
			isa = PBXGroup;
			children = (
				B3E21B651FAC956E00082CF7 /* secure_ios_appUITests.swift */,
				B3E21B671FAC956E00082CF7 /* Info.plist */,
			);
			path = "secure-ios-appUITests";
			sourceTree = "<group>";
		};
		CBA54E12DCD79F72333AD07B /* Pods */ = {
			isa = PBXGroup;
			children = (
				AD54EEC2CFFB1CC5C561CFAC /* Pods-secure-ios-app.debug.xcconfig */,
				CBB29BB07BFAFFA62B9AE8B2 /* Pods-secure-ios-app.release.xcconfig */,
				57812F23C88594EB493A2670 /* Pods-secure-ios-appTests.debug.xcconfig */,
				7FD5F435EC6A784532CCCEF8 /* Pods-secure-ios-appTests.release.xcconfig */,
				36FF52DDEE3C668FB9D641CA /* Pods-secure-ios-appUITests.debug.xcconfig */,
				2392B0780F8D7BA4A4D335FE /* Pods-secure-ios-appUITests.release.xcconfig */,
			);
			name = Pods;
			sourceTree = "<group>";
		};
/* End PBXGroup section */

/* Begin PBXNativeTarget section */
		B3E21B3E1FAC956E00082CF7 /* secure-ios-app */ = {
			isa = PBXNativeTarget;
			buildConfigurationList = B3E21B6A1FAC956E00082CF7 /* Build configuration list for PBXNativeTarget "secure-ios-app" */;
			buildPhases = (
				952A891899C9F532184BD4C8 /* [CP] Check Pods Manifest.lock */,
				B3E21B3B1FAC956E00082CF7 /* Sources */,
				B3E21B3C1FAC956E00082CF7 /* Frameworks */,
				B3E21B3D1FAC956E00082CF7 /* Resources */,
				C47B6E348402FCFFC8F86BA3 /* [CP] Embed Pods Frameworks */,
				48BF2D289A56DE369BE478D7 /* [CP] Copy Pods Resources */,
			);
			buildRules = (
			);
			dependencies = (
			);
			name = "secure-ios-app";
			productName = "secure-ios-app";
			productReference = B3E21B3F1FAC956E00082CF7 /* secure-ios-app.app */;
			productType = "com.apple.product-type.application";
		};
		B3E21B551FAC956E00082CF7 /* secure-ios-appTests */ = {
			isa = PBXNativeTarget;
			buildConfigurationList = B3E21B6D1FAC956E00082CF7 /* Build configuration list for PBXNativeTarget "secure-ios-appTests" */;
			buildPhases = (
				A9EB5C9CF935FFE7394DBA60 /* [CP] Check Pods Manifest.lock */,
				B3E21B521FAC956E00082CF7 /* Sources */,
				B3E21B531FAC956E00082CF7 /* Frameworks */,
				B3E21B541FAC956E00082CF7 /* Resources */,
				BEDD5545E2EDC51564483ABE /* [CP] Embed Pods Frameworks */,
				7164C9811D630BBBEB52B3A8 /* [CP] Copy Pods Resources */,
			);
			buildRules = (
			);
			dependencies = (
				B3E21B581FAC956E00082CF7 /* PBXTargetDependency */,
			);
			name = "secure-ios-appTests";
			productName = "secure-ios-appTests";
			productReference = B3E21B561FAC956E00082CF7 /* secure-ios-appTests.xctest */;
			productType = "com.apple.product-type.bundle.unit-test";
		};
		B3E21B601FAC956E00082CF7 /* secure-ios-appUITests */ = {
			isa = PBXNativeTarget;
			buildConfigurationList = B3E21B701FAC956E00082CF7 /* Build configuration list for PBXNativeTarget "secure-ios-appUITests" */;
			buildPhases = (
				9750510A98B5F4439898778B /* [CP] Check Pods Manifest.lock */,
				B3E21B5D1FAC956E00082CF7 /* Sources */,
				B3E21B5E1FAC956E00082CF7 /* Frameworks */,
				B3E21B5F1FAC956E00082CF7 /* Resources */,
				82B5A85AB9B116D8B2002D56 /* [CP] Embed Pods Frameworks */,
				16031AB3C7C27E0232C7C0D8 /* [CP] Copy Pods Resources */,
			);
			buildRules = (
			);
			dependencies = (
				B3E21B631FAC956E00082CF7 /* PBXTargetDependency */,
			);
			name = "secure-ios-appUITests";
			productName = "secure-ios-appUITests";
			productReference = B3E21B611FAC956E00082CF7 /* secure-ios-appUITests.xctest */;
			productType = "com.apple.product-type.bundle.ui-testing";
		};
/* End PBXNativeTarget section */

/* Begin PBXProject section */
		B3E21B371FAC956E00082CF7 /* Project object */ = {
			isa = PBXProject;
			attributes = {
				LastSwiftUpdateCheck = 0910;
				LastUpgradeCheck = 0910;
				ORGANIZATIONNAME = "Wei Li";
				TargetAttributes = {
					B3E21B3E1FAC956E00082CF7 = {
						CreatedOnToolsVersion = 9.1;
						ProvisioningStyle = Manual;
					};
					B3E21B551FAC956E00082CF7 = {
						CreatedOnToolsVersion = 9.1;
						ProvisioningStyle = Automatic;
						TestTargetID = B3E21B3E1FAC956E00082CF7;
					};
					B3E21B601FAC956E00082CF7 = {
						CreatedOnToolsVersion = 9.1;
						ProvisioningStyle = Automatic;
						TestTargetID = B3E21B3E1FAC956E00082CF7;
					};
				};
			};
			buildConfigurationList = B3E21B3A1FAC956E00082CF7 /* Build configuration list for PBXProject "secure-ios-app" */;
			compatibilityVersion = "Xcode 8.0";
			developmentRegion = en;
			hasScannedForEncodings = 0;
			knownRegions = (
				en,
				Base,
			);
			mainGroup = B3E21B361FAC956E00082CF7;
			productRefGroup = B3E21B401FAC956E00082CF7 /* Products */;
			projectDirPath = "";
			projectRoot = "";
			targets = (
				B3E21B3E1FAC956E00082CF7 /* secure-ios-app */,
				B3E21B551FAC956E00082CF7 /* secure-ios-appTests */,
				B3E21B601FAC956E00082CF7 /* secure-ios-appUITests */,
			);
		};
/* End PBXProject section */

/* Begin PBXResourcesBuildPhase section */
		B3E21B3D1FAC956E00082CF7 /* Resources */ = {
			isa = PBXResourcesBuildPhase;
			buildActionMask = 2147483647;
			files = (
				B30BEBA61FB229C40008A171 /* AppConfig.plist in Resources */,
				B3E21B501FAC956E00082CF7 /* LaunchScreen.storyboard in Resources */,
				B3E21B4D1FAC956E00082CF7 /* Assets.xcassets in Resources */,
				B3E21B481FAC956E00082CF7 /* Main.storyboard in Resources */,
			);
			runOnlyForDeploymentPostprocessing = 0;
		};
		B3E21B541FAC956E00082CF7 /* Resources */ = {
			isa = PBXResourcesBuildPhase;
			buildActionMask = 2147483647;
			files = (
			);
			runOnlyForDeploymentPostprocessing = 0;
		};
		B3E21B5F1FAC956E00082CF7 /* Resources */ = {
			isa = PBXResourcesBuildPhase;
			buildActionMask = 2147483647;
			files = (
			);
			runOnlyForDeploymentPostprocessing = 0;
		};
/* End PBXResourcesBuildPhase section */

/* Begin PBXShellScriptBuildPhase section */
		16031AB3C7C27E0232C7C0D8 /* [CP] Copy Pods Resources */ = {
			isa = PBXShellScriptBuildPhase;
			buildActionMask = 2147483647;
			files = (
			);
			inputPaths = (
			);
			name = "[CP] Copy Pods Resources";
			outputPaths = (
			);
			runOnlyForDeploymentPostprocessing = 0;
			shellPath = /bin/sh;
			shellScript = "\"${SRCROOT}/Pods/Target Support Files/Pods-secure-ios-appUITests/Pods-secure-ios-appUITests-resources.sh\"\n";
			showEnvVarsInLog = 0;
		};
		48BF2D289A56DE369BE478D7 /* [CP] Copy Pods Resources */ = {
			isa = PBXShellScriptBuildPhase;
			buildActionMask = 2147483647;
			files = (
			);
			inputPaths = (
			);
			name = "[CP] Copy Pods Resources";
			outputPaths = (
			);
			runOnlyForDeploymentPostprocessing = 0;
			shellPath = /bin/sh;
			shellScript = "\"${SRCROOT}/Pods/Target Support Files/Pods-secure-ios-app/Pods-secure-ios-app-resources.sh\"\n";
			showEnvVarsInLog = 0;
		};
		7164C9811D630BBBEB52B3A8 /* [CP] Copy Pods Resources */ = {
			isa = PBXShellScriptBuildPhase;
			buildActionMask = 2147483647;
			files = (
			);
			inputPaths = (
			);
			name = "[CP] Copy Pods Resources";
			outputPaths = (
			);
			runOnlyForDeploymentPostprocessing = 0;
			shellPath = /bin/sh;
			shellScript = "\"${SRCROOT}/Pods/Target Support Files/Pods-secure-ios-appTests/Pods-secure-ios-appTests-resources.sh\"\n";
			showEnvVarsInLog = 0;
		};
		82B5A85AB9B116D8B2002D56 /* [CP] Embed Pods Frameworks */ = {
			isa = PBXShellScriptBuildPhase;
			buildActionMask = 2147483647;
			files = (
			);
			inputPaths = (
			);
			name = "[CP] Embed Pods Frameworks";
			outputPaths = (
			);
			runOnlyForDeploymentPostprocessing = 0;
			shellPath = /bin/sh;
			shellScript = "\"${SRCROOT}/Pods/Target Support Files/Pods-secure-ios-appUITests/Pods-secure-ios-appUITests-frameworks.sh\"\n";
			showEnvVarsInLog = 0;
		};
		952A891899C9F532184BD4C8 /* [CP] Check Pods Manifest.lock */ = {
			isa = PBXShellScriptBuildPhase;
			buildActionMask = 2147483647;
			files = (
			);
			inputPaths = (
				"${PODS_PODFILE_DIR_PATH}/Podfile.lock",
				"${PODS_ROOT}/Manifest.lock",
			);
			name = "[CP] Check Pods Manifest.lock";
			outputPaths = (
				"$(DERIVED_FILE_DIR)/Pods-secure-ios-app-checkManifestLockResult.txt",
			);
			runOnlyForDeploymentPostprocessing = 0;
			shellPath = /bin/sh;
			shellScript = "diff \"${PODS_PODFILE_DIR_PATH}/Podfile.lock\" \"${PODS_ROOT}/Manifest.lock\" > /dev/null\nif [ $? != 0 ] ; then\n    # print error to STDERR\n    echo \"error: The sandbox is not in sync with the Podfile.lock. Run 'pod install' or update your CocoaPods installation.\" >&2\n    exit 1\nfi\n# This output is used by Xcode 'outputs' to avoid re-running this script phase.\necho \"SUCCESS\" > \"${SCRIPT_OUTPUT_FILE_0}\"\n";
			showEnvVarsInLog = 0;
		};
		9750510A98B5F4439898778B /* [CP] Check Pods Manifest.lock */ = {
			isa = PBXShellScriptBuildPhase;
			buildActionMask = 2147483647;
			files = (
			);
			inputPaths = (
				"${PODS_PODFILE_DIR_PATH}/Podfile.lock",
				"${PODS_ROOT}/Manifest.lock",
			);
			name = "[CP] Check Pods Manifest.lock";
			outputPaths = (
				"$(DERIVED_FILE_DIR)/Pods-secure-ios-appUITests-checkManifestLockResult.txt",
			);
			runOnlyForDeploymentPostprocessing = 0;
			shellPath = /bin/sh;
			shellScript = "diff \"${PODS_PODFILE_DIR_PATH}/Podfile.lock\" \"${PODS_ROOT}/Manifest.lock\" > /dev/null\nif [ $? != 0 ] ; then\n    # print error to STDERR\n    echo \"error: The sandbox is not in sync with the Podfile.lock. Run 'pod install' or update your CocoaPods installation.\" >&2\n    exit 1\nfi\n# This output is used by Xcode 'outputs' to avoid re-running this script phase.\necho \"SUCCESS\" > \"${SCRIPT_OUTPUT_FILE_0}\"\n";
			showEnvVarsInLog = 0;
		};
		A9EB5C9CF935FFE7394DBA60 /* [CP] Check Pods Manifest.lock */ = {
			isa = PBXShellScriptBuildPhase;
			buildActionMask = 2147483647;
			files = (
			);
			inputPaths = (
				"${PODS_PODFILE_DIR_PATH}/Podfile.lock",
				"${PODS_ROOT}/Manifest.lock",
			);
			name = "[CP] Check Pods Manifest.lock";
			outputPaths = (
				"$(DERIVED_FILE_DIR)/Pods-secure-ios-appTests-checkManifestLockResult.txt",
			);
			runOnlyForDeploymentPostprocessing = 0;
			shellPath = /bin/sh;
			shellScript = "diff \"${PODS_PODFILE_DIR_PATH}/Podfile.lock\" \"${PODS_ROOT}/Manifest.lock\" > /dev/null\nif [ $? != 0 ] ; then\n    # print error to STDERR\n    echo \"error: The sandbox is not in sync with the Podfile.lock. Run 'pod install' or update your CocoaPods installation.\" >&2\n    exit 1\nfi\n# This output is used by Xcode 'outputs' to avoid re-running this script phase.\necho \"SUCCESS\" > \"${SCRIPT_OUTPUT_FILE_0}\"\n";
			showEnvVarsInLog = 0;
		};
		BEDD5545E2EDC51564483ABE /* [CP] Embed Pods Frameworks */ = {
			isa = PBXShellScriptBuildPhase;
			buildActionMask = 2147483647;
			files = (
			);
			inputPaths = (
			);
			name = "[CP] Embed Pods Frameworks";
			outputPaths = (
			);
			runOnlyForDeploymentPostprocessing = 0;
			shellPath = /bin/sh;
			shellScript = "\"${SRCROOT}/Pods/Target Support Files/Pods-secure-ios-appTests/Pods-secure-ios-appTests-frameworks.sh\"\n";
			showEnvVarsInLog = 0;
		};
		C47B6E348402FCFFC8F86BA3 /* [CP] Embed Pods Frameworks */ = {
			isa = PBXShellScriptBuildPhase;
			buildActionMask = 2147483647;
			files = (
			);
			inputPaths = (
				"${SRCROOT}/Pods/Target Support Files/Pods-secure-ios-app/Pods-secure-ios-app-frameworks.sh",
				"${BUILT_PRODUCTS_DIR}/Alamofire/Alamofire.framework",
				"${BUILT_PRODUCTS_DIR}/AppAuth/AppAuth.framework",
				"${BUILT_PRODUCTS_DIR}/DTTJailbreakDetection/DTTJailbreakDetection.framework",
				"${BUILT_PRODUCTS_DIR}/Floaty/Floaty.framework",
				"${BUILT_PRODUCTS_DIR}/MarqueeLabel/MarqueeLabel.framework",
				"${BUILT_PRODUCTS_DIR}/NotificationBannerSwift/NotificationBannerSwift.framework",
				"${BUILT_PRODUCTS_DIR}/Realm/Realm.framework",
				"${BUILT_PRODUCTS_DIR}/RealmSwift/RealmSwift.framework",
				"${BUILT_PRODUCTS_DIR}/SCLAlertView/SCLAlertView.framework",
				"${BUILT_PRODUCTS_DIR}/SnapKit/SnapKit.framework",
				"${BUILT_PRODUCTS_DIR}/SwiftKeychainWrapper/SwiftKeychainWrapper.framework",
				"${BUILT_PRODUCTS_DIR}/TrustKit/TrustKit.framework",
			);
			name = "[CP] Embed Pods Frameworks";
			outputPaths = (
				"${TARGET_BUILD_DIR}/${FRAMEWORKS_FOLDER_PATH}/Alamofire.framework",
				"${TARGET_BUILD_DIR}/${FRAMEWORKS_FOLDER_PATH}/AppAuth.framework",
				"${TARGET_BUILD_DIR}/${FRAMEWORKS_FOLDER_PATH}/DTTJailbreakDetection.framework",
				"${TARGET_BUILD_DIR}/${FRAMEWORKS_FOLDER_PATH}/Floaty.framework",
				"${TARGET_BUILD_DIR}/${FRAMEWORKS_FOLDER_PATH}/MarqueeLabel.framework",
				"${TARGET_BUILD_DIR}/${FRAMEWORKS_FOLDER_PATH}/NotificationBannerSwift.framework",
				"${TARGET_BUILD_DIR}/${FRAMEWORKS_FOLDER_PATH}/Realm.framework",
				"${TARGET_BUILD_DIR}/${FRAMEWORKS_FOLDER_PATH}/RealmSwift.framework",
				"${TARGET_BUILD_DIR}/${FRAMEWORKS_FOLDER_PATH}/SCLAlertView.framework",
				"${TARGET_BUILD_DIR}/${FRAMEWORKS_FOLDER_PATH}/SnapKit.framework",
				"${TARGET_BUILD_DIR}/${FRAMEWORKS_FOLDER_PATH}/SwiftKeychainWrapper.framework",
				"${TARGET_BUILD_DIR}/${FRAMEWORKS_FOLDER_PATH}/TrustKit.framework",
			);
			runOnlyForDeploymentPostprocessing = 0;
			shellPath = /bin/sh;
			shellScript = "\"${SRCROOT}/Pods/Target Support Files/Pods-secure-ios-app/Pods-secure-ios-app-frameworks.sh\"\n";
			showEnvVarsInLog = 0;
		};
/* End PBXShellScriptBuildPhase section */

/* Begin PBXSourcesBuildPhase section */
		B3E21B3B1FAC956E00082CF7 /* Sources */ = {
			isa = PBXSourcesBuildPhase;
			buildActionMask = 2147483647;
			files = (
				B30BEBEB1FB5B40D0008A171 /* Logger.swift in Sources */,
				B30747981FE280AC00A7E159 /* AccessControlViewController.swift in Sources */,
				B342DF351FB0C90700BBA05B /* RootViewController.swift in Sources */,
				B30BEBBA1FB365AB0008A171 /* HomeBuilder.swift in Sources */,
				B37C63891FC323F300D52CD4 /* AuthenticationDetailsViewController.swift in Sources */,
				AB3E12081FC3376500B7302C /* StorageBuilder.swift in Sources */,
				B30BEBB81FB364550008A171 /* HomeRouter.swift in Sources */,
				ABEDBC7C1FD040490027066A /* DeviceTrustService.swift in Sources */,
				ABEDBC911FD04AF90027066A /* DeviceTrustViewController.swift in Sources */,
				B3E21B4B1FAC956E00082CF7 /* secure_ios_app.xcdatamodeld in Sources */,
				B36F5F471FFB9A3200CAB771 /* AccessControlRouter.swift in Sources */,
				AB73E11B1FFBCF30007BBDF5 /* CertPinningService.swift in Sources */,
				B32CBD2E1FD0B61F008CFEF1 /* ViewHelper.swift in Sources */,
				B30BEBEE1FB5B7770008A171 /* Identity.swift in Sources */,
				ABEDBC8F1FD04A7C0027066A /* Detector.swift in Sources */,
				B30BEBC01FB368D50008A171 /* AuthenticationInteractor.swift in Sources */,
				B30BEBBE1FB368690008A171 /* AuthenticationBuilder.swift in Sources */,
				B30BEBB61FB3556B0008A171 /* RootInteractor.swift in Sources */,
				AB3E12021FC324D000B7302C /* StorageViewController.swift in Sources */,
				AB3E12061FC331CB00B7302C /* StorageService.swift in Sources */,
				AB3E12041FC3307400B7302C /* StorageInteractor.swift in Sources */,
				B30BEBA11FB20F3F0008A171 /* AppConfiguration.swift in Sources */,
				B342DF381FB0CA9900BBA05B /* AuthenticationViewController.swift in Sources */,
				B39FDB0B1FB2012F00C1EC0F /* MenuViewController.swift in Sources */,
				B30BEBBC1FB367C80008A171 /* AuthenticationRouter.swift in Sources */,
				B307479A1FE2828E00A7E159 /* AccessControlBuilder.swift in Sources */,
				ABEDBC951FD04BF10027066A /* DeviceTrustBuilder.swift in Sources */,
				B30BEBE31FB4A7290008A171 /* AppComponents.swift in Sources */,
				B3E21B431FAC956E00082CF7 /* AppDelegate.swift in Sources */,
				B302EA771FACD7EE00EAD340 /* HomeViewController.swift in Sources */,
				B30BEBE81FB4A89E0008A171 /* AuthenticationService.swift in Sources */,
				B30BEBB21FB324800008A171 /* RootBuilder.swift in Sources */,
				AB3E11FE1FC3238D00B7302C /* StorageRouter.swift in Sources */,
				ABEDBC931FD04B820027066A /* DeviceTrustRouter.swift in Sources */,
				B30BEBB41FB32AD40008A171 /* RootRouter.swift in Sources */,
				AB3E11FB1FC3214300B7302C /* Note.swift in Sources */,
				B39FDB091FB2012C00C1EC0F /* BaseViewController.swift in Sources */,
				ABEDBC971FD04C830027066A /* DeviceTrustInteractor.swift in Sources */,
			);
			runOnlyForDeploymentPostprocessing = 0;
		};
		B3E21B521FAC956E00082CF7 /* Sources */ = {
			isa = PBXSourcesBuildPhase;
			buildActionMask = 2147483647;
			files = (
				B3A410AD1FFE74D700A32FF0 /* RootViewControllerTest.swift in Sources */,
				B3A410B81FFEDCF100A32FF0 /* DeviceTrustViewControllerTest.swift in Sources */,
				B3E21B5B1FAC956E00082CF7 /* secure_ios_appTests.swift in Sources */,
				B36F5F511FFD03BB00CAB771 /* StorageServiceTest.swift in Sources */,
				B3A410AA1FFE5AD800A32FF0 /* AccessControlViewControllerTest.swift in Sources */,
				B36F5F4F1FFD02A000CAB771 /* DeviceTrustServiceTest.swift in Sources */,
				B3A410B51FFEA0A600A32FF0 /* AuthenticationDetailsViewControllerTest.swift in Sources */,
				B3A410B31FFE9F2400A32FF0 /* AuthenticationViewControllerTest.swift in Sources */,
				B322807D1FFE333700A0B201 /* AppConfigurationTest.swift in Sources */,
				B3A410B01FFE86DC00A32FF0 /* StorageViewControllerTest.swift in Sources */,
				B36F5F4C1FFCFE1000CAB771 /* IdentityTest.swift in Sources */,
			);
			runOnlyForDeploymentPostprocessing = 0;
		};
		B3E21B5D1FAC956E00082CF7 /* Sources */ = {
			isa = PBXSourcesBuildPhase;
			buildActionMask = 2147483647;
			files = (
				B3E21B661FAC956E00082CF7 /* secure_ios_appUITests.swift in Sources */,
			);
			runOnlyForDeploymentPostprocessing = 0;
		};
/* End PBXSourcesBuildPhase section */

/* Begin PBXTargetDependency section */
		B3E21B581FAC956E00082CF7 /* PBXTargetDependency */ = {
			isa = PBXTargetDependency;
			target = B3E21B3E1FAC956E00082CF7 /* secure-ios-app */;
			targetProxy = B3E21B571FAC956E00082CF7 /* PBXContainerItemProxy */;
		};
		B3E21B631FAC956E00082CF7 /* PBXTargetDependency */ = {
			isa = PBXTargetDependency;
			target = B3E21B3E1FAC956E00082CF7 /* secure-ios-app */;
			targetProxy = B3E21B621FAC956E00082CF7 /* PBXContainerItemProxy */;
		};
/* End PBXTargetDependency section */

/* Begin PBXVariantGroup section */
		B3E21B461FAC956E00082CF7 /* Main.storyboard */ = {
			isa = PBXVariantGroup;
			children = (
				B3E21B471FAC956E00082CF7 /* Base */,
			);
			name = Main.storyboard;
			sourceTree = "<group>";
		};
		B3E21B4E1FAC956E00082CF7 /* LaunchScreen.storyboard */ = {
			isa = PBXVariantGroup;
			children = (
				B3E21B4F1FAC956E00082CF7 /* Base */,
			);
			name = LaunchScreen.storyboard;
			sourceTree = "<group>";
		};
/* End PBXVariantGroup section */

/* Begin XCBuildConfiguration section */
		B3E21B681FAC956E00082CF7 /* Debug */ = {
			isa = XCBuildConfiguration;
			buildSettings = {
				ALWAYS_SEARCH_USER_PATHS = NO;
				CLANG_ANALYZER_NONNULL = YES;
				CLANG_ANALYZER_NUMBER_OBJECT_CONVERSION = YES_AGGRESSIVE;
				CLANG_CXX_LANGUAGE_STANDARD = "gnu++14";
				CLANG_CXX_LIBRARY = "libc++";
				CLANG_ENABLE_MODULES = YES;
				CLANG_ENABLE_OBJC_ARC = YES;
				CLANG_WARN_BLOCK_CAPTURE_AUTORELEASING = YES;
				CLANG_WARN_BOOL_CONVERSION = YES;
				CLANG_WARN_COMMA = YES;
				CLANG_WARN_CONSTANT_CONVERSION = YES;
				CLANG_WARN_DIRECT_OBJC_ISA_USAGE = YES_ERROR;
				CLANG_WARN_DOCUMENTATION_COMMENTS = YES;
				CLANG_WARN_EMPTY_BODY = YES;
				CLANG_WARN_ENUM_CONVERSION = YES;
				CLANG_WARN_INFINITE_RECURSION = YES;
				CLANG_WARN_INT_CONVERSION = YES;
				CLANG_WARN_NON_LITERAL_NULL_CONVERSION = YES;
				CLANG_WARN_OBJC_LITERAL_CONVERSION = YES;
				CLANG_WARN_OBJC_ROOT_CLASS = YES_ERROR;
				CLANG_WARN_RANGE_LOOP_ANALYSIS = YES;
				CLANG_WARN_STRICT_PROTOTYPES = YES;
				CLANG_WARN_SUSPICIOUS_MOVE = YES;
				CLANG_WARN_UNGUARDED_AVAILABILITY = YES_AGGRESSIVE;
				CLANG_WARN_UNREACHABLE_CODE = YES;
				CLANG_WARN__DUPLICATE_METHOD_MATCH = YES;
				CODE_SIGN_IDENTITY = "iPhone Developer";
				COPY_PHASE_STRIP = NO;
				DEBUG_INFORMATION_FORMAT = dwarf;
				ENABLE_STRICT_OBJC_MSGSEND = YES;
				ENABLE_TESTABILITY = YES;
				GCC_C_LANGUAGE_STANDARD = gnu11;
				GCC_DYNAMIC_NO_PIC = NO;
				GCC_NO_COMMON_BLOCKS = YES;
				GCC_OPTIMIZATION_LEVEL = 0;
				GCC_PREPROCESSOR_DEFINITIONS = (
					"DEBUG=1",
					"$(inherited)",
				);
				GCC_WARN_64_TO_32_BIT_CONVERSION = YES;
				GCC_WARN_ABOUT_RETURN_TYPE = YES_ERROR;
				GCC_WARN_UNDECLARED_SELECTOR = YES;
				GCC_WARN_UNINITIALIZED_AUTOS = YES_AGGRESSIVE;
				GCC_WARN_UNUSED_FUNCTION = YES;
				GCC_WARN_UNUSED_VARIABLE = YES;
				IPHONEOS_DEPLOYMENT_TARGET = 11.1;
				MTL_ENABLE_DEBUG_INFO = YES;
				ONLY_ACTIVE_ARCH = YES;
				SDKROOT = iphoneos;
				SWIFT_ACTIVE_COMPILATION_CONDITIONS = DEBUG;
				SWIFT_OPTIMIZATION_LEVEL = "-Onone";
			};
			name = Debug;
		};
		B3E21B691FAC956E00082CF7 /* Release */ = {
			isa = XCBuildConfiguration;
			buildSettings = {
				ALWAYS_SEARCH_USER_PATHS = NO;
				CLANG_ANALYZER_NONNULL = YES;
				CLANG_ANALYZER_NUMBER_OBJECT_CONVERSION = YES_AGGRESSIVE;
				CLANG_CXX_LANGUAGE_STANDARD = "gnu++14";
				CLANG_CXX_LIBRARY = "libc++";
				CLANG_ENABLE_MODULES = YES;
				CLANG_ENABLE_OBJC_ARC = YES;
				CLANG_WARN_BLOCK_CAPTURE_AUTORELEASING = YES;
				CLANG_WARN_BOOL_CONVERSION = YES;
				CLANG_WARN_COMMA = YES;
				CLANG_WARN_CONSTANT_CONVERSION = YES;
				CLANG_WARN_DIRECT_OBJC_ISA_USAGE = YES_ERROR;
				CLANG_WARN_DOCUMENTATION_COMMENTS = YES;
				CLANG_WARN_EMPTY_BODY = YES;
				CLANG_WARN_ENUM_CONVERSION = YES;
				CLANG_WARN_INFINITE_RECURSION = YES;
				CLANG_WARN_INT_CONVERSION = YES;
				CLANG_WARN_NON_LITERAL_NULL_CONVERSION = YES;
				CLANG_WARN_OBJC_LITERAL_CONVERSION = YES;
				CLANG_WARN_OBJC_ROOT_CLASS = YES_ERROR;
				CLANG_WARN_RANGE_LOOP_ANALYSIS = YES;
				CLANG_WARN_STRICT_PROTOTYPES = YES;
				CLANG_WARN_SUSPICIOUS_MOVE = YES;
				CLANG_WARN_UNGUARDED_AVAILABILITY = YES_AGGRESSIVE;
				CLANG_WARN_UNREACHABLE_CODE = YES;
				CLANG_WARN__DUPLICATE_METHOD_MATCH = YES;
				CODE_SIGN_IDENTITY = "iPhone Developer";
				COPY_PHASE_STRIP = NO;
				DEBUG_INFORMATION_FORMAT = "dwarf-with-dsym";
				ENABLE_NS_ASSERTIONS = NO;
				ENABLE_STRICT_OBJC_MSGSEND = YES;
				GCC_C_LANGUAGE_STANDARD = gnu11;
				GCC_NO_COMMON_BLOCKS = YES;
				GCC_WARN_64_TO_32_BIT_CONVERSION = YES;
				GCC_WARN_ABOUT_RETURN_TYPE = YES_ERROR;
				GCC_WARN_UNDECLARED_SELECTOR = YES;
				GCC_WARN_UNINITIALIZED_AUTOS = YES_AGGRESSIVE;
				GCC_WARN_UNUSED_FUNCTION = YES;
				GCC_WARN_UNUSED_VARIABLE = YES;
				IPHONEOS_DEPLOYMENT_TARGET = 11.1;
				MTL_ENABLE_DEBUG_INFO = NO;
				SDKROOT = iphoneos;
				SWIFT_OPTIMIZATION_LEVEL = "-Owholemodule";
				VALIDATE_PRODUCT = YES;
			};
			name = Release;
		};
		B3E21B6B1FAC956E00082CF7 /* Debug */ = {
			isa = XCBuildConfiguration;
			baseConfigurationReference = AD54EEC2CFFB1CC5C561CFAC /* Pods-secure-ios-app.debug.xcconfig */;
			buildSettings = {
				ASSETCATALOG_COMPILER_APPICON_NAME = AppIcon;
				"CODE_SIGN_IDENTITY[sdk=iphoneos*]" = "iPhone Distribution";
				CODE_SIGN_STYLE = Manual;
				DEVELOPMENT_TEAM = GHPBX39444;
				INFOPLIST_FILE = "secure-ios-app/Info.plist";
				LD_RUNPATH_SEARCH_PATHS = "$(inherited) @executable_path/Frameworks";
				PRODUCT_BUNDLE_IDENTIFIER = "com.redhat.secure-ios-app.secureapp";
				PRODUCT_NAME = "$(TARGET_NAME)";
				PROVISIONING_PROFILE = "c708fd4a-a5c7-4353-b315-5d70039e67ce";
				PROVISIONING_PROFILE_SPECIFIER = RHTINHOUSE;
				SWIFT_OBJC_BRIDGING_HEADER = "$(SRCROOT)/secure-ios-app/secure-ios-app-Bridging-Header.h";
				SWIFT_VERSION = 4.0;
				TARGETED_DEVICE_FAMILY = "1,2";
			};
			name = Debug;
		};
		B3E21B6C1FAC956E00082CF7 /* Release */ = {
			isa = XCBuildConfiguration;
			baseConfigurationReference = CBB29BB07BFAFFA62B9AE8B2 /* Pods-secure-ios-app.release.xcconfig */;
			buildSettings = {
				ASSETCATALOG_COMPILER_APPICON_NAME = AppIcon;
				"CODE_SIGN_IDENTITY[sdk=iphoneos*]" = "iPhone Distribution";
				CODE_SIGN_STYLE = Manual;
				DEVELOPMENT_TEAM = GHPBX39444;
				INFOPLIST_FILE = "secure-ios-app/Info.plist";
				LD_RUNPATH_SEARCH_PATHS = "$(inherited) @executable_path/Frameworks";
				PRODUCT_BUNDLE_IDENTIFIER = "com.redhat.secure-ios-app.secureapp";
				PRODUCT_NAME = "$(TARGET_NAME)";
				PROVISIONING_PROFILE = "c708fd4a-a5c7-4353-b315-5d70039e67ce";
				PROVISIONING_PROFILE_SPECIFIER = RHTINHOUSE;
				SWIFT_OBJC_BRIDGING_HEADER = "$(SRCROOT)/secure-ios-app/secure-ios-app-Bridging-Header.h";
				SWIFT_VERSION = 4.0;
				TARGETED_DEVICE_FAMILY = "1,2";
			};
			name = Release;
		};
		B3E21B6E1FAC956E00082CF7 /* Debug */ = {
			isa = XCBuildConfiguration;
			baseConfigurationReference = 57812F23C88594EB493A2670 /* Pods-secure-ios-appTests.debug.xcconfig */;
			buildSettings = {
				ALWAYS_EMBED_SWIFT_STANDARD_LIBRARIES = YES;
				BUNDLE_LOADER = "$(TEST_HOST)";
				CODE_SIGN_STYLE = Automatic;
				INFOPLIST_FILE = "secure-ios-appTests/Info.plist";
				LD_RUNPATH_SEARCH_PATHS = "$(inherited) @executable_path/Frameworks @loader_path/Frameworks";
				PRODUCT_BUNDLE_IDENTIFIER = "com.redhat.secure-ios-appTests";
				PRODUCT_NAME = "$(TARGET_NAME)";
				SWIFT_VERSION = 4.0;
				TARGETED_DEVICE_FAMILY = "1,2";
				TEST_HOST = "$(BUILT_PRODUCTS_DIR)/secure-ios-app.app/secure-ios-app";
			};
			name = Debug;
		};
		B3E21B6F1FAC956E00082CF7 /* Release */ = {
			isa = XCBuildConfiguration;
			baseConfigurationReference = 7FD5F435EC6A784532CCCEF8 /* Pods-secure-ios-appTests.release.xcconfig */;
			buildSettings = {
				ALWAYS_EMBED_SWIFT_STANDARD_LIBRARIES = YES;
				BUNDLE_LOADER = "$(TEST_HOST)";
				CODE_SIGN_STYLE = Automatic;
				INFOPLIST_FILE = "secure-ios-appTests/Info.plist";
				LD_RUNPATH_SEARCH_PATHS = "$(inherited) @executable_path/Frameworks @loader_path/Frameworks";
				PRODUCT_BUNDLE_IDENTIFIER = "com.redhat.secure-ios-appTests";
				PRODUCT_NAME = "$(TARGET_NAME)";
				SWIFT_VERSION = 4.0;
				TARGETED_DEVICE_FAMILY = "1,2";
				TEST_HOST = "$(BUILT_PRODUCTS_DIR)/secure-ios-app.app/secure-ios-app";
			};
			name = Release;
		};
		B3E21B711FAC956E00082CF7 /* Debug */ = {
			isa = XCBuildConfiguration;
			baseConfigurationReference = 36FF52DDEE3C668FB9D641CA /* Pods-secure-ios-appUITests.debug.xcconfig */;
			buildSettings = {
				ALWAYS_EMBED_SWIFT_STANDARD_LIBRARIES = YES;
				CODE_SIGN_STYLE = Automatic;
				INFOPLIST_FILE = "secure-ios-appUITests/Info.plist";
				LD_RUNPATH_SEARCH_PATHS = "$(inherited) @executable_path/Frameworks @loader_path/Frameworks";
				PRODUCT_BUNDLE_IDENTIFIER = "com.redhat.secure-ios-appUITests";
				PRODUCT_NAME = "$(TARGET_NAME)";
				SWIFT_VERSION = 4.0;
				TARGETED_DEVICE_FAMILY = "1,2";
				TEST_TARGET_NAME = "secure-ios-app";
			};
			name = Debug;
		};
		B3E21B721FAC956E00082CF7 /* Release */ = {
			isa = XCBuildConfiguration;
			baseConfigurationReference = 2392B0780F8D7BA4A4D335FE /* Pods-secure-ios-appUITests.release.xcconfig */;
			buildSettings = {
				ALWAYS_EMBED_SWIFT_STANDARD_LIBRARIES = YES;
				CODE_SIGN_STYLE = Automatic;
				INFOPLIST_FILE = "secure-ios-appUITests/Info.plist";
				LD_RUNPATH_SEARCH_PATHS = "$(inherited) @executable_path/Frameworks @loader_path/Frameworks";
				PRODUCT_BUNDLE_IDENTIFIER = "com.redhat.secure-ios-appUITests";
				PRODUCT_NAME = "$(TARGET_NAME)";
				SWIFT_VERSION = 4.0;
				TARGETED_DEVICE_FAMILY = "1,2";
				TEST_TARGET_NAME = "secure-ios-app";
			};
			name = Release;
		};
/* End XCBuildConfiguration section */

/* Begin XCConfigurationList section */
		B3E21B3A1FAC956E00082CF7 /* Build configuration list for PBXProject "secure-ios-app" */ = {
			isa = XCConfigurationList;
			buildConfigurations = (
				B3E21B681FAC956E00082CF7 /* Debug */,
				B3E21B691FAC956E00082CF7 /* Release */,
			);
			defaultConfigurationIsVisible = 0;
			defaultConfigurationName = Release;
		};
		B3E21B6A1FAC956E00082CF7 /* Build configuration list for PBXNativeTarget "secure-ios-app" */ = {
			isa = XCConfigurationList;
			buildConfigurations = (
				B3E21B6B1FAC956E00082CF7 /* Debug */,
				B3E21B6C1FAC956E00082CF7 /* Release */,
			);
			defaultConfigurationIsVisible = 0;
			defaultConfigurationName = Release;
		};
		B3E21B6D1FAC956E00082CF7 /* Build configuration list for PBXNativeTarget "secure-ios-appTests" */ = {
			isa = XCConfigurationList;
			buildConfigurations = (
				B3E21B6E1FAC956E00082CF7 /* Debug */,
				B3E21B6F1FAC956E00082CF7 /* Release */,
			);
			defaultConfigurationIsVisible = 0;
			defaultConfigurationName = Release;
		};
		B3E21B701FAC956E00082CF7 /* Build configuration list for PBXNativeTarget "secure-ios-appUITests" */ = {
			isa = XCConfigurationList;
			buildConfigurations = (
				B3E21B711FAC956E00082CF7 /* Debug */,
				B3E21B721FAC956E00082CF7 /* Release */,
			);
			defaultConfigurationIsVisible = 0;
			defaultConfigurationName = Release;
		};
/* End XCConfigurationList section */

/* Begin XCVersionGroup section */
		B3E21B491FAC956E00082CF7 /* secure_ios_app.xcdatamodeld */ = {
			isa = XCVersionGroup;
			children = (
				B3E21B4A1FAC956E00082CF7 /* secure_ios_app.xcdatamodel */,
			);
			currentVersion = B3E21B4A1FAC956E00082CF7 /* secure_ios_app.xcdatamodel */;
			path = secure_ios_app.xcdatamodeld;
			sourceTree = "<group>";
			versionGroupType = wrapper.xcdatamodel;
		};
/* End XCVersionGroup section */
	};
	rootObject = B3E21B371FAC956E00082CF7 /* Project object */;
}
