// !$*UTF8*$!
{
	archiveVersion = 1;
	classes = {
	};
	objectVersion = 48;
	objects = {

/* Begin PBXBuildFile section */
		B302EA751FACD5A600EAD340 /* BaseViewController.swift in Sources */ = {isa = PBXBuildFile; fileRef = B302EA741FACD5A600EAD340 /* BaseViewController.swift */; };
		B302EA771FACD7EE00EAD340 /* HomeViewController.swift in Sources */ = {isa = PBXBuildFile; fileRef = B302EA761FACD7EE00EAD340 /* HomeViewController.swift */; };
		B3E21B431FAC956E00082CF7 /* AppDelegate.swift in Sources */ = {isa = PBXBuildFile; fileRef = B3E21B421FAC956E00082CF7 /* AppDelegate.swift */; };
		B3E21B451FAC956E00082CF7 /* ViewController.swift in Sources */ = {isa = PBXBuildFile; fileRef = B3E21B441FAC956E00082CF7 /* ViewController.swift */; };
		B3E21B481FAC956E00082CF7 /* Main.storyboard in Resources */ = {isa = PBXBuildFile; fileRef = B3E21B461FAC956E00082CF7 /* Main.storyboard */; };
		B3E21B4B1FAC956E00082CF7 /* secure_ios_app.xcdatamodeld in Sources */ = {isa = PBXBuildFile; fileRef = B3E21B491FAC956E00082CF7 /* secure_ios_app.xcdatamodeld */; };
		B3E21B4D1FAC956E00082CF7 /* Assets.xcassets in Resources */ = {isa = PBXBuildFile; fileRef = B3E21B4C1FAC956E00082CF7 /* Assets.xcassets */; };
		B3E21B501FAC956E00082CF7 /* LaunchScreen.storyboard in Resources */ = {isa = PBXBuildFile; fileRef = B3E21B4E1FAC956E00082CF7 /* LaunchScreen.storyboard */; };
		B3E21B5B1FAC956E00082CF7 /* secure_ios_appTests.swift in Sources */ = {isa = PBXBuildFile; fileRef = B3E21B5A1FAC956E00082CF7 /* secure_ios_appTests.swift */; };
		B3E21B661FAC956E00082CF7 /* secure_ios_appUITests.swift in Sources */ = {isa = PBXBuildFile; fileRef = B3E21B651FAC956E00082CF7 /* secure_ios_appUITests.swift */; };
		B3E21B761FAC979A00082CF7 /* MenuViewController.swift in Sources */ = {isa = PBXBuildFile; fileRef = B3E21B751FAC979A00082CF7 /* MenuViewController.swift */; };
/* End PBXBuildFile section */

/* Begin PBXContainerItemProxy section */
		B3E21B571FAC956E00082CF7 /* PBXContainerItemProxy */ = {
			isa = PBXContainerItemProxy;
			containerPortal = B3E21B371FAC956E00082CF7 /* Project object */;
			proxyType = 1;
			remoteGlobalIDString = B3E21B3E1FAC956E00082CF7;
			remoteInfo = "secure-ios-app";
		};
		B3E21B621FAC956E00082CF7 /* PBXContainerItemProxy */ = {
			isa = PBXContainerItemProxy;
			containerPortal = B3E21B371FAC956E00082CF7 /* Project object */;
			proxyType = 1;
			remoteGlobalIDString = B3E21B3E1FAC956E00082CF7;
			remoteInfo = "secure-ios-app";
		};
/* End PBXContainerItemProxy section */

/* Begin PBXFileReference section */
		B302EA741FACD5A600EAD340 /* BaseViewController.swift */ = {isa = PBXFileReference; lastKnownFileType = sourcecode.swift; path = BaseViewController.swift; sourceTree = "<group>"; };
		B302EA761FACD7EE00EAD340 /* HomeViewController.swift */ = {isa = PBXFileReference; lastKnownFileType = sourcecode.swift; path = HomeViewController.swift; sourceTree = "<group>"; };
		B3E21B3F1FAC956E00082CF7 /* secure-ios-app.app */ = {isa = PBXFileReference; explicitFileType = wrapper.application; includeInIndex = 0; path = "secure-ios-app.app"; sourceTree = BUILT_PRODUCTS_DIR; };
		B3E21B421FAC956E00082CF7 /* AppDelegate.swift */ = {isa = PBXFileReference; lastKnownFileType = sourcecode.swift; path = AppDelegate.swift; sourceTree = "<group>"; };
		B3E21B441FAC956E00082CF7 /* ViewController.swift */ = {isa = PBXFileReference; lastKnownFileType = sourcecode.swift; path = ViewController.swift; sourceTree = "<group>"; };
		B3E21B471FAC956E00082CF7 /* Base */ = {isa = PBXFileReference; lastKnownFileType = file.storyboard; name = Base; path = Base.lproj/Main.storyboard; sourceTree = "<group>"; };
		B3E21B4A1FAC956E00082CF7 /* secure_ios_app.xcdatamodel */ = {isa = PBXFileReference; lastKnownFileType = wrapper.xcdatamodel; path = secure_ios_app.xcdatamodel; sourceTree = "<group>"; };
		B3E21B4C1FAC956E00082CF7 /* Assets.xcassets */ = {isa = PBXFileReference; lastKnownFileType = folder.assetcatalog; path = Assets.xcassets; sourceTree = "<group>"; };
		B3E21B4F1FAC956E00082CF7 /* Base */ = {isa = PBXFileReference; lastKnownFileType = file.storyboard; name = Base; path = Base.lproj/LaunchScreen.storyboard; sourceTree = "<group>"; };
		B3E21B511FAC956E00082CF7 /* Info.plist */ = {isa = PBXFileReference; lastKnownFileType = text.plist.xml; path = Info.plist; sourceTree = "<group>"; };
		B3E21B561FAC956E00082CF7 /* secure-ios-appTests.xctest */ = {isa = PBXFileReference; explicitFileType = wrapper.cfbundle; includeInIndex = 0; path = "secure-ios-appTests.xctest"; sourceTree = BUILT_PRODUCTS_DIR; };
		B3E21B5A1FAC956E00082CF7 /* secure_ios_appTests.swift */ = {isa = PBXFileReference; lastKnownFileType = sourcecode.swift; path = secure_ios_appTests.swift; sourceTree = "<group>"; };
		B3E21B5C1FAC956E00082CF7 /* Info.plist */ = {isa = PBXFileReference; lastKnownFileType = text.plist.xml; path = Info.plist; sourceTree = "<group>"; };
		B3E21B611FAC956E00082CF7 /* secure-ios-appUITests.xctest */ = {isa = PBXFileReference; explicitFileType = wrapper.cfbundle; includeInIndex = 0; path = "secure-ios-appUITests.xctest"; sourceTree = BUILT_PRODUCTS_DIR; };
		B3E21B651FAC956E00082CF7 /* secure_ios_appUITests.swift */ = {isa = PBXFileReference; lastKnownFileType = sourcecode.swift; path = secure_ios_appUITests.swift; sourceTree = "<group>"; };
		B3E21B671FAC956E00082CF7 /* Info.plist */ = {isa = PBXFileReference; lastKnownFileType = text.plist.xml; path = Info.plist; sourceTree = "<group>"; };
		B3E21B751FAC979A00082CF7 /* MenuViewController.swift */ = {isa = PBXFileReference; lastKnownFileType = sourcecode.swift; name = MenuViewController.swift; path = drawer/MenuViewController.swift; sourceTree = "<group>"; };
/* End PBXFileReference section */

/* Begin PBXFrameworksBuildPhase section */
		B3E21B3C1FAC956E00082CF7 /* Frameworks */ = {
			isa = PBXFrameworksBuildPhase;
			buildActionMask = 2147483647;
			files = (
			);
			runOnlyForDeploymentPostprocessing = 0;
		};
		B3E21B531FAC956E00082CF7 /* Frameworks */ = {
			isa = PBXFrameworksBuildPhase;
			buildActionMask = 2147483647;
			files = (
			);
			runOnlyForDeploymentPostprocessing = 0;
		};
		B3E21B5E1FAC956E00082CF7 /* Frameworks */ = {
			isa = PBXFrameworksBuildPhase;
			buildActionMask = 2147483647;
			files = (
			);
			runOnlyForDeploymentPostprocessing = 0;
		};
/* End PBXFrameworksBuildPhase section */

/* Begin PBXGroup section */
		B3E21B361FAC956E00082CF7 = {
			isa = PBXGroup;
			children = (
				B3E21B411FAC956E00082CF7 /* secure-ios-app */,
				B3E21B591FAC956E00082CF7 /* secure-ios-appTests */,
				B3E21B641FAC956E00082CF7 /* secure-ios-appUITests */,
				B3E21B401FAC956E00082CF7 /* Products */,
			);
			sourceTree = "<group>";
		};
		B3E21B401FAC956E00082CF7 /* Products */ = {
			isa = PBXGroup;
			children = (
				B3E21B3F1FAC956E00082CF7 /* secure-ios-app.app */,
				B3E21B561FAC956E00082CF7 /* secure-ios-appTests.xctest */,
				B3E21B611FAC956E00082CF7 /* secure-ios-appUITests.xctest */,
			);
			name = Products;
			sourceTree = "<group>";
		};
		B3E21B411FAC956E00082CF7 /* secure-ios-app */ = {
			isa = PBXGroup;
			children = (
				B3E21B421FAC956E00082CF7 /* AppDelegate.swift */,
				B3E21B441FAC956E00082CF7 /* ViewController.swift */,
				B3E21B461FAC956E00082CF7 /* Main.storyboard */,
				B3E21B4C1FAC956E00082CF7 /* Assets.xcassets */,
				B3E21B4E1FAC956E00082CF7 /* LaunchScreen.storyboard */,
				B3E21B511FAC956E00082CF7 /* Info.plist */,
				B3E21B491FAC956E00082CF7 /* secure_ios_app.xcdatamodeld */,
				B3E21B751FAC979A00082CF7 /* MenuViewController.swift */,
				B302EA741FACD5A600EAD340 /* BaseViewController.swift */,
				B302EA761FACD7EE00EAD340 /* HomeViewController.swift */,
			);
			path = "secure-ios-app";
			sourceTree = "<group>";
		};
		B3E21B591FAC956E00082CF7 /* secure-ios-appTests */ = {
			isa = PBXGroup;
			children = (
				B3E21B5A1FAC956E00082CF7 /* secure_ios_appTests.swift */,
				B3E21B5C1FAC956E00082CF7 /* Info.plist */,
			);
			path = "secure-ios-appTests";
			sourceTree = "<group>";
		};
		B3E21B641FAC956E00082CF7 /* secure-ios-appUITests */ = {
			isa = PBXGroup;
			children = (
				B3E21B651FAC956E00082CF7 /* secure_ios_appUITests.swift */,
				B3E21B671FAC956E00082CF7 /* Info.plist */,
			);
			path = "secure-ios-appUITests";
			sourceTree = "<group>";
		};
/* End PBXGroup section */

/* Begin PBXNativeTarget section */
		B3E21B3E1FAC956E00082CF7 /* secure-ios-app */ = {
			isa = PBXNativeTarget;
			buildConfigurationList = B3E21B6A1FAC956E00082CF7 /* Build configuration list for PBXNativeTarget "secure-ios-app" */;
			buildPhases = (
				B3E21B3B1FAC956E00082CF7 /* Sources */,
				B3E21B3C1FAC956E00082CF7 /* Frameworks */,
				B3E21B3D1FAC956E00082CF7 /* Resources */,
			);
			buildRules = (
			);
			dependencies = (
			);
			name = "secure-ios-app";
			productName = "secure-ios-app";
			productReference = B3E21B3F1FAC956E00082CF7 /* secure-ios-app.app */;
			productType = "com.apple.product-type.application";
		};
		B3E21B551FAC956E00082CF7 /* secure-ios-appTests */ = {
			isa = PBXNativeTarget;
			buildConfigurationList = B3E21B6D1FAC956E00082CF7 /* Build configuration list for PBXNativeTarget "secure-ios-appTests" */;
			buildPhases = (
				B3E21B521FAC956E00082CF7 /* Sources */,
				B3E21B531FAC956E00082CF7 /* Frameworks */,
				B3E21B541FAC956E00082CF7 /* Resources */,
			);
			buildRules = (
			);
			dependencies = (
				B3E21B581FAC956E00082CF7 /* PBXTargetDependency */,
			);
			name = "secure-ios-appTests";
			productName = "secure-ios-appTests";
			productReference = B3E21B561FAC956E00082CF7 /* secure-ios-appTests.xctest */;
			productType = "com.apple.product-type.bundle.unit-test";
		};
		B3E21B601FAC956E00082CF7 /* secure-ios-appUITests */ = {
			isa = PBXNativeTarget;
			buildConfigurationList = B3E21B701FAC956E00082CF7 /* Build configuration list for PBXNativeTarget "secure-ios-appUITests" */;
			buildPhases = (
				B3E21B5D1FAC956E00082CF7 /* Sources */,
				B3E21B5E1FAC956E00082CF7 /* Frameworks */,
				B3E21B5F1FAC956E00082CF7 /* Resources */,
			);
			buildRules = (
			);
			dependencies = (
				B3E21B631FAC956E00082CF7 /* PBXTargetDependency */,
			);
			name = "secure-ios-appUITests";
			productName = "secure-ios-appUITests";
			productReference = B3E21B611FAC956E00082CF7 /* secure-ios-appUITests.xctest */;
			productType = "com.apple.product-type.bundle.ui-testing";
		};
/* End PBXNativeTarget section */

/* Begin PBXProject section */
		B3E21B371FAC956E00082CF7 /* Project object */ = {
			isa = PBXProject;
			attributes = {
				LastSwiftUpdateCheck = 0910;
				LastUpgradeCheck = 0910;
				ORGANIZATIONNAME = "Wei Li";
				TargetAttributes = {
					B3E21B3E1FAC956E00082CF7 = {
						CreatedOnToolsVersion = 9.1;
						ProvisioningStyle = Automatic;
					};
					B3E21B551FAC956E00082CF7 = {
						CreatedOnToolsVersion = 9.1;
						ProvisioningStyle = Automatic;
						TestTargetID = B3E21B3E1FAC956E00082CF7;
					};
					B3E21B601FAC956E00082CF7 = {
						CreatedOnToolsVersion = 9.1;
						ProvisioningStyle = Automatic;
						TestTargetID = B3E21B3E1FAC956E00082CF7;
					};
				};
			};
			buildConfigurationList = B3E21B3A1FAC956E00082CF7 /* Build configuration list for PBXProject "secure-ios-app" */;
			compatibilityVersion = "Xcode 8.0";
			developmentRegion = en;
			hasScannedForEncodings = 0;
			knownRegions = (
				en,
				Base,
			);
			mainGroup = B3E21B361FAC956E00082CF7;
			productRefGroup = B3E21B401FAC956E00082CF7 /* Products */;
			projectDirPath = "";
			projectRoot = "";
			targets = (
				B3E21B3E1FAC956E00082CF7 /* secure-ios-app */,
				B3E21B551FAC956E00082CF7 /* secure-ios-appTests */,
				B3E21B601FAC956E00082CF7 /* secure-ios-appUITests */,
			);
		};
/* End PBXProject section */

/* Begin PBXResourcesBuildPhase section */
		B3E21B3D1FAC956E00082CF7 /* Resources */ = {
			isa = PBXResourcesBuildPhase;
			buildActionMask = 2147483647;
			files = (
				B3E21B501FAC956E00082CF7 /* LaunchScreen.storyboard in Resources */,
				B3E21B4D1FAC956E00082CF7 /* Assets.xcassets in Resources */,
				B3E21B481FAC956E00082CF7 /* Main.storyboard in Resources */,
			);
			runOnlyForDeploymentPostprocessing = 0;
		};
		B3E21B541FAC956E00082CF7 /* Resources */ = {
			isa = PBXResourcesBuildPhase;
			buildActionMask = 2147483647;
			files = (
			);
			runOnlyForDeploymentPostprocessing = 0;
		};
		B3E21B5F1FAC956E00082CF7 /* Resources */ = {
			isa = PBXResourcesBuildPhase;
			buildActionMask = 2147483647;
			files = (
			);
			runOnlyForDeploymentPostprocessing = 0;
		};
/* End PBXResourcesBuildPhase section */

/* Begin PBXSourcesBuildPhase section */
		B3E21B3B1FAC956E00082CF7 /* Sources */ = {
			isa = PBXSourcesBuildPhase;
			buildActionMask = 2147483647;
			files = (
				B302EA751FACD5A600EAD340 /* BaseViewController.swift in Sources */,
				B3E21B451FAC956E00082CF7 /* ViewController.swift in Sources */,
				B3E21B4B1FAC956E00082CF7 /* secure_ios_app.xcdatamodeld in Sources */,
				B3E21B431FAC956E00082CF7 /* AppDelegate.swift in Sources */,
				B3E21B761FAC979A00082CF7 /* MenuViewController.swift in Sources */,
				B302EA771FACD7EE00EAD340 /* HomeViewController.swift in Sources */,
			);
			runOnlyForDeploymentPostprocessing = 0;
		};
		B3E21B521FAC956E00082CF7 /* Sources */ = {
			isa = PBXSourcesBuildPhase;
			buildActionMask = 2147483647;
			files = (
				B3E21B5B1FAC956E00082CF7 /* secure_ios_appTests.swift in Sources */,
			);
			runOnlyForDeploymentPostprocessing = 0;
		};
		B3E21B5D1FAC956E00082CF7 /* Sources */ = {
			isa = PBXSourcesBuildPhase;
			buildActionMask = 2147483647;
			files = (
				B3E21B661FAC956E00082CF7 /* secure_ios_appUITests.swift in Sources */,
			);
			runOnlyForDeploymentPostprocessing = 0;
		};
/* End PBXSourcesBuildPhase section */

/* Begin PBXTargetDependency section */
		B3E21B581FAC956E00082CF7 /* PBXTargetDependency */ = {
			isa = PBXTargetDependency;
			target = B3E21B3E1FAC956E00082CF7 /* secure-ios-app */;
			targetProxy = B3E21B571FAC956E00082CF7 /* PBXContainerItemProxy */;
		};
		B3E21B631FAC956E00082CF7 /* PBXTargetDependency */ = {
			isa = PBXTargetDependency;
			target = B3E21B3E1FAC956E00082CF7 /* secure-ios-app */;
			targetProxy = B3E21B621FAC956E00082CF7 /* PBXContainerItemProxy */;
		};
/* End PBXTargetDependency section */

/* Begin PBXVariantGroup section */
		B3E21B461FAC956E00082CF7 /* Main.storyboard */ = {
			isa = PBXVariantGroup;
			children = (
				B3E21B471FAC956E00082CF7 /* Base */,
			);
			name = Main.storyboard;
			sourceTree = "<group>";
		};
		B3E21B4E1FAC956E00082CF7 /* LaunchScreen.storyboard */ = {
			isa = PBXVariantGroup;
			children = (
				B3E21B4F1FAC956E00082CF7 /* Base */,
			);
			name = LaunchScreen.storyboard;
			sourceTree = "<group>";
		};
/* End PBXVariantGroup section */

/* Begin XCBuildConfiguration section */
		B3E21B681FAC956E00082CF7 /* Debug */ = {
			isa = XCBuildConfiguration;
			buildSettings = {
				ALWAYS_SEARCH_USER_PATHS = NO;
				CLANG_ANALYZER_NONNULL = YES;
				CLANG_ANALYZER_NUMBER_OBJECT_CONVERSION = YES_AGGRESSIVE;
				CLANG_CXX_LANGUAGE_STANDARD = "gnu++14";
				CLANG_CXX_LIBRARY = "libc++";
				CLANG_ENABLE_MODULES = YES;
				CLANG_ENABLE_OBJC_ARC = YES;
				CLANG_WARN_BLOCK_CAPTURE_AUTORELEASING = YES;
				CLANG_WARN_BOOL_CONVERSION = YES;
				CLANG_WARN_COMMA = YES;
				CLANG_WARN_CONSTANT_CONVERSION = YES;
				CLANG_WARN_DIRECT_OBJC_ISA_USAGE = YES_ERROR;
				CLANG_WARN_DOCUMENTATION_COMMENTS = YES;
				CLANG_WARN_EMPTY_BODY = YES;
				CLANG_WARN_ENUM_CONVERSION = YES;
				CLANG_WARN_INFINITE_RECURSION = YES;
				CLANG_WARN_INT_CONVERSION = YES;
				CLANG_WARN_NON_LITERAL_NULL_CONVERSION = YES;
				CLANG_WARN_OBJC_LITERAL_CONVERSION = YES;
				CLANG_WARN_OBJC_ROOT_CLASS = YES_ERROR;
				CLANG_WARN_RANGE_LOOP_ANALYSIS = YES;
				CLANG_WARN_STRICT_PROTOTYPES = YES;
				CLANG_WARN_SUSPICIOUS_MOVE = YES;
				CLANG_WARN_UNGUARDED_AVAILABILITY = YES_AGGRESSIVE;
				CLANG_WARN_UNREACHABLE_CODE = YES;
				CLANG_WARN__DUPLICATE_METHOD_MATCH = YES;
				CODE_SIGN_IDENTITY = "iPhone Developer";
				COPY_PHASE_STRIP = NO;
				DEBUG_INFORMATION_FORMAT = dwarf;
				ENABLE_STRICT_OBJC_MSGSEND = YES;
				ENABLE_TESTABILITY = YES;
				GCC_C_LANGUAGE_STANDARD = gnu11;
				GCC_DYNAMIC_NO_PIC = NO;
				GCC_NO_COMMON_BLOCKS = YES;
				GCC_OPTIMIZATION_LEVEL = 0;
				GCC_PREPROCESSOR_DEFINITIONS = (
					"DEBUG=1",
					"$(inherited)",
				);
				GCC_WARN_64_TO_32_BIT_CONVERSION = YES;
				GCC_WARN_ABOUT_RETURN_TYPE = YES_ERROR;
				GCC_WARN_UNDECLARED_SELECTOR = YES;
				GCC_WARN_UNINITIALIZED_AUTOS = YES_AGGRESSIVE;
				GCC_WARN_UNUSED_FUNCTION = YES;
				GCC_WARN_UNUSED_VARIABLE = YES;
				IPHONEOS_DEPLOYMENT_TARGET = 11.1;
				MTL_ENABLE_DEBUG_INFO = YES;
				ONLY_ACTIVE_ARCH = YES;
				SDKROOT = iphoneos;
				SWIFT_ACTIVE_COMPILATION_CONDITIONS = DEBUG;
				SWIFT_OPTIMIZATION_LEVEL = "-Onone";
			};
			name = Debug;
		};
		B3E21B691FAC956E00082CF7 /* Release */ = {
			isa = XCBuildConfiguration;
			buildSettings = {
				ALWAYS_SEARCH_USER_PATHS = NO;
				CLANG_ANALYZER_NONNULL = YES;
				CLANG_ANALYZER_NUMBER_OBJECT_CONVERSION = YES_AGGRESSIVE;
				CLANG_CXX_LANGUAGE_STANDARD = "gnu++14";
				CLANG_CXX_LIBRARY = "libc++";
				CLANG_ENABLE_MODULES = YES;
				CLANG_ENABLE_OBJC_ARC = YES;
				CLANG_WARN_BLOCK_CAPTURE_AUTORELEASING = YES;
				CLANG_WARN_BOOL_CONVERSION = YES;
				CLANG_WARN_COMMA = YES;
				CLANG_WARN_CONSTANT_CONVERSION = YES;
				CLANG_WARN_DIRECT_OBJC_ISA_USAGE = YES_ERROR;
				CLANG_WARN_DOCUMENTATION_COMMENTS = YES;
				CLANG_WARN_EMPTY_BODY = YES;
				CLANG_WARN_ENUM_CONVERSION = YES;
				CLANG_WARN_INFINITE_RECURSION = YES;
				CLANG_WARN_INT_CONVERSION = YES;
				CLANG_WARN_NON_LITERAL_NULL_CONVERSION = YES;
				CLANG_WARN_OBJC_LITERAL_CONVERSION = YES;
				CLANG_WARN_OBJC_ROOT_CLASS = YES_ERROR;
				CLANG_WARN_RANGE_LOOP_ANALYSIS = YES;
				CLANG_WARN_STRICT_PROTOTYPES = YES;
				CLANG_WARN_SUSPICIOUS_MOVE = YES;
				CLANG_WARN_UNGUARDED_AVAILABILITY = YES_AGGRESSIVE;
				CLANG_WARN_UNREACHABLE_CODE = YES;
				CLANG_WARN__DUPLICATE_METHOD_MATCH = YES;
				CODE_SIGN_IDENTITY = "iPhone Developer";
				COPY_PHASE_STRIP = NO;
				DEBUG_INFORMATION_FORMAT = "dwarf-with-dsym";
				ENABLE_NS_ASSERTIONS = NO;
				ENABLE_STRICT_OBJC_MSGSEND = YES;
				GCC_C_LANGUAGE_STANDARD = gnu11;
				GCC_NO_COMMON_BLOCKS = YES;
				GCC_WARN_64_TO_32_BIT_CONVERSION = YES;
				GCC_WARN_ABOUT_RETURN_TYPE = YES_ERROR;
				GCC_WARN_UNDECLARED_SELECTOR = YES;
				GCC_WARN_UNINITIALIZED_AUTOS = YES_AGGRESSIVE;
				GCC_WARN_UNUSED_FUNCTION = YES;
				GCC_WARN_UNUSED_VARIABLE = YES;
				IPHONEOS_DEPLOYMENT_TARGET = 11.1;
				MTL_ENABLE_DEBUG_INFO = NO;
				SDKROOT = iphoneos;
				SWIFT_OPTIMIZATION_LEVEL = "-Owholemodule";
				VALIDATE_PRODUCT = YES;
			};
			name = Release;
		};
		B3E21B6B1FAC956E00082CF7 /* Debug */ = {
			isa = XCBuildConfiguration;
			buildSettings = {
				ASSETCATALOG_COMPILER_APPICON_NAME = AppIcon;
				CODE_SIGN_STYLE = Automatic;
				INFOPLIST_FILE = "secure-ios-app/Info.plist";
				LD_RUNPATH_SEARCH_PATHS = "$(inherited) @executable_path/Frameworks";
				PRODUCT_BUNDLE_IDENTIFIER = "com.redhat.secure-ios-app";
				PRODUCT_NAME = "$(TARGET_NAME)";
				SWIFT_VERSION = 4.0;
				TARGETED_DEVICE_FAMILY = "1,2";
			};
			name = Debug;
		};
		B3E21B6C1FAC956E00082CF7 /* Release */ = {
			isa = XCBuildConfiguration;
			buildSettings = {
				ASSETCATALOG_COMPILER_APPICON_NAME = AppIcon;
				CODE_SIGN_STYLE = Automatic;
				INFOPLIST_FILE = "secure-ios-app/Info.plist";
				LD_RUNPATH_SEARCH_PATHS = "$(inherited) @executable_path/Frameworks";
				PRODUCT_BUNDLE_IDENTIFIER = "com.redhat.secure-ios-app";
				PRODUCT_NAME = "$(TARGET_NAME)";
				SWIFT_VERSION = 4.0;
				TARGETED_DEVICE_FAMILY = "1,2";
			};
			name = Release;
		};
		B3E21B6E1FAC956E00082CF7 /* Debug */ = {
			isa = XCBuildConfiguration;
			buildSettings = {
				ALWAYS_EMBED_SWIFT_STANDARD_LIBRARIES = YES;
				BUNDLE_LOADER = "$(TEST_HOST)";
				CODE_SIGN_STYLE = Automatic;
				INFOPLIST_FILE = "secure-ios-appTests/Info.plist";
				LD_RUNPATH_SEARCH_PATHS = "$(inherited) @executable_path/Frameworks @loader_path/Frameworks";
				PRODUCT_BUNDLE_IDENTIFIER = "com.redhat.secure-ios-appTests";
				PRODUCT_NAME = "$(TARGET_NAME)";
				SWIFT_VERSION = 4.0;
				TARGETED_DEVICE_FAMILY = "1,2";
				TEST_HOST = "$(BUILT_PRODUCTS_DIR)/secure-ios-app.app/secure-ios-app";
			};
			name = Debug;
		};
		B3E21B6F1FAC956E00082CF7 /* Release */ = {
			isa = XCBuildConfiguration;
			buildSettings = {
				ALWAYS_EMBED_SWIFT_STANDARD_LIBRARIES = YES;
				BUNDLE_LOADER = "$(TEST_HOST)";
				CODE_SIGN_STYLE = Automatic;
				INFOPLIST_FILE = "secure-ios-appTests/Info.plist";
				LD_RUNPATH_SEARCH_PATHS = "$(inherited) @executable_path/Frameworks @loader_path/Frameworks";
				PRODUCT_BUNDLE_IDENTIFIER = "com.redhat.secure-ios-appTests";
				PRODUCT_NAME = "$(TARGET_NAME)";
				SWIFT_VERSION = 4.0;
				TARGETED_DEVICE_FAMILY = "1,2";
				TEST_HOST = "$(BUILT_PRODUCTS_DIR)/secure-ios-app.app/secure-ios-app";
			};
			name = Release;
		};
		B3E21B711FAC956E00082CF7 /* Debug */ = {
			isa = XCBuildConfiguration;
			buildSettings = {
				ALWAYS_EMBED_SWIFT_STANDARD_LIBRARIES = YES;
				CODE_SIGN_STYLE = Automatic;
				INFOPLIST_FILE = "secure-ios-appUITests/Info.plist";
				LD_RUNPATH_SEARCH_PATHS = "$(inherited) @executable_path/Frameworks @loader_path/Frameworks";
				PRODUCT_BUNDLE_IDENTIFIER = "com.redhat.secure-ios-appUITests";
				PRODUCT_NAME = "$(TARGET_NAME)";
				SWIFT_VERSION = 4.0;
				TARGETED_DEVICE_FAMILY = "1,2";
				TEST_TARGET_NAME = "secure-ios-app";
			};
			name = Debug;
		};
		B3E21B721FAC956E00082CF7 /* Release */ = {
			isa = XCBuildConfiguration;
			buildSettings = {
				ALWAYS_EMBED_SWIFT_STANDARD_LIBRARIES = YES;
				CODE_SIGN_STYLE = Automatic;
				INFOPLIST_FILE = "secure-ios-appUITests/Info.plist";
				LD_RUNPATH_SEARCH_PATHS = "$(inherited) @executable_path/Frameworks @loader_path/Frameworks";
				PRODUCT_BUNDLE_IDENTIFIER = "com.redhat.secure-ios-appUITests";
				PRODUCT_NAME = "$(TARGET_NAME)";
				SWIFT_VERSION = 4.0;
				TARGETED_DEVICE_FAMILY = "1,2";
				TEST_TARGET_NAME = "secure-ios-app";
			};
			name = Release;
		};
/* End XCBuildConfiguration section */

/* Begin XCConfigurationList section */
		B3E21B3A1FAC956E00082CF7 /* Build configuration list for PBXProject "secure-ios-app" */ = {
			isa = XCConfigurationList;
			buildConfigurations = (
				B3E21B681FAC956E00082CF7 /* Debug */,
				B3E21B691FAC956E00082CF7 /* Release */,
			);
			defaultConfigurationIsVisible = 0;
			defaultConfigurationName = Release;
		};
		B3E21B6A1FAC956E00082CF7 /* Build configuration list for PBXNativeTarget "secure-ios-app" */ = {
			isa = XCConfigurationList;
			buildConfigurations = (
				B3E21B6B1FAC956E00082CF7 /* Debug */,
				B3E21B6C1FAC956E00082CF7 /* Release */,
			);
			defaultConfigurationIsVisible = 0;
			defaultConfigurationName = Release;
		};
		B3E21B6D1FAC956E00082CF7 /* Build configuration list for PBXNativeTarget "secure-ios-appTests" */ = {
			isa = XCConfigurationList;
			buildConfigurations = (
				B3E21B6E1FAC956E00082CF7 /* Debug */,
				B3E21B6F1FAC956E00082CF7 /* Release */,
			);
			defaultConfigurationIsVisible = 0;
			defaultConfigurationName = Release;
		};
		B3E21B701FAC956E00082CF7 /* Build configuration list for PBXNativeTarget "secure-ios-appUITests" */ = {
			isa = XCConfigurationList;
			buildConfigurations = (
				B3E21B711FAC956E00082CF7 /* Debug */,
				B3E21B721FAC956E00082CF7 /* Release */,
			);
			defaultConfigurationIsVisible = 0;
			defaultConfigurationName = Release;
		};
/* End XCConfigurationList section */

/* Begin XCVersionGroup section */
		B3E21B491FAC956E00082CF7 /* secure_ios_app.xcdatamodeld */ = {
			isa = XCVersionGroup;
			children = (
				B3E21B4A1FAC956E00082CF7 /* secure_ios_app.xcdatamodel */,
			);
			currentVersion = B3E21B4A1FAC956E00082CF7 /* secure_ios_app.xcdatamodel */;
			path = secure_ios_app.xcdatamodeld;
			sourceTree = "<group>";
			versionGroupType = wrapper.xcdatamodel;
		};
/* End XCVersionGroup section */
	};
	rootObject = B3E21B371FAC956E00082CF7 /* Project object */;
}
